// !$*UTF8*$!
{
	archiveVersion = 1;
	classes = {
	};
	objectVersion = 46;
	objects = {

/* Begin PBXBuildFile section */
		5557075F0A0E29FB0ABEAB3C /* libPods.a in Frameworks */ = {isa = PBXBuildFile; fileRef = C01C688C0DC732A5C394A462 /* libPods.a */; };
		7A67DB3B1C881149005AA3B7 /* main.m in Sources */ = {isa = PBXBuildFile; fileRef = 7A67DB3A1C881149005AA3B7 /* main.m */; };
		7A67DB3E1C881149005AA3B7 /* AppDelegate.m in Sources */ = {isa = PBXBuildFile; fileRef = 7A67DB3D1C881149005AA3B7 /* AppDelegate.m */; };
		7A67DB401C881149005AA3B7 /* Assets.xcassets in Resources */ = {isa = PBXBuildFile; fileRef = 7A67DB3F1C881149005AA3B7 /* Assets.xcassets */; };
		7A67DB431C881149005AA3B7 /* LaunchScreen.storyboard in Resources */ = {isa = PBXBuildFile; fileRef = 7A67DB411C881149005AA3B7 /* LaunchScreen.storyboard */; };
		7A67DB4E1C881149005AA3B7 /* ScienceaAndTechnologyTests.m in Sources */ = {isa = PBXBuildFile; fileRef = 7A67DB4D1C881149005AA3B7 /* ScienceaAndTechnologyTests.m */; };
		7A67DB591C881149005AA3B7 /* ScienceaAndTechnologyUITests.m in Sources */ = {isa = PBXBuildFile; fileRef = 7A67DB581C881149005AA3B7 /* ScienceaAndTechnologyUITests.m */; };
		7A67DB711C881970005AA3B7 /* MainViewController.m in Sources */ = {isa = PBXBuildFile; fileRef = 7A67DB701C881970005AA3B7 /* MainViewController.m */; };
		7A67DB741C881991005AA3B7 /* MineViewController.m in Sources */ = {isa = PBXBuildFile; fileRef = 7A67DB731C881991005AA3B7 /* MineViewController.m */; };
		7A67DB7A1C881C35005AA3B7 /* Main.storyboard in Resources */ = {isa = PBXBuildFile; fileRef = 7A67DB791C881C35005AA3B7 /* Main.storyboard */; };
		7A67DB7C1C881D05005AA3B7 /* Mine.storyboard in Resources */ = {isa = PBXBuildFile; fileRef = 7A67DB7B1C881D05005AA3B7 /* Mine.storyboard */; };
		7A67DB821C887B54005AA3B7 /* News.plist in Resources */ = {isa = PBXBuildFile; fileRef = 7A67DB811C887B54005AA3B7 /* News.plist */; };
/* End PBXBuildFile section */

/* Begin PBXContainerItemProxy section */
		7A67DB4A1C881149005AA3B7 /* PBXContainerItemProxy */ = {
			isa = PBXContainerItemProxy;
			containerPortal = 7A67DB2E1C881149005AA3B7 /* Project object */;
			proxyType = 1;
			remoteGlobalIDString = 7A67DB351C881149005AA3B7;
			remoteInfo = ScienceaAndTechnology;
		};
		7A67DB551C881149005AA3B7 /* PBXContainerItemProxy */ = {
			isa = PBXContainerItemProxy;
			containerPortal = 7A67DB2E1C881149005AA3B7 /* Project object */;
			proxyType = 1;
			remoteGlobalIDString = 7A67DB351C881149005AA3B7;
			remoteInfo = ScienceaAndTechnology;
		};
/* End PBXContainerItemProxy section */

/* Begin PBXFileReference section */
		30D6E35A54AEA4FC9512494E /* Pods.release.xcconfig */ = {isa = PBXFileReference; includeInIndex = 1; lastKnownFileType = text.xcconfig; name = Pods.release.xcconfig; path = "Pods/Target Support Files/Pods/Pods.release.xcconfig"; sourceTree = "<group>"; };
		7A67DB361C881149005AA3B7 /* ScienceaAndTechnology.app */ = {isa = PBXFileReference; explicitFileType = wrapper.application; includeInIndex = 0; path = ScienceaAndTechnology.app; sourceTree = BUILT_PRODUCTS_DIR; };
		7A67DB3A1C881149005AA3B7 /* main.m */ = {isa = PBXFileReference; lastKnownFileType = sourcecode.c.objc; path = main.m; sourceTree = "<group>"; };
		7A67DB3C1C881149005AA3B7 /* AppDelegate.h */ = {isa = PBXFileReference; lastKnownFileType = sourcecode.c.h; path = AppDelegate.h; sourceTree = "<group>"; };
		7A67DB3D1C881149005AA3B7 /* AppDelegate.m */ = {isa = PBXFileReference; lastKnownFileType = sourcecode.c.objc; path = AppDelegate.m; sourceTree = "<group>"; };
		7A67DB3F1C881149005AA3B7 /* Assets.xcassets */ = {isa = PBXFileReference; lastKnownFileType = folder.assetcatalog; path = Assets.xcassets; sourceTree = "<group>"; };
		7A67DB421C881149005AA3B7 /* Base */ = {isa = PBXFileReference; lastKnownFileType = file.storyboard; name = Base; path = Base.lproj/LaunchScreen.storyboard; sourceTree = "<group>"; };
		7A67DB441C881149005AA3B7 /* Info.plist */ = {isa = PBXFileReference; lastKnownFileType = text.plist.xml; path = Info.plist; sourceTree = "<group>"; };
		7A67DB491C881149005AA3B7 /* ScienceaAndTechnologyTests.xctest */ = {isa = PBXFileReference; explicitFileType = wrapper.cfbundle; includeInIndex = 0; path = ScienceaAndTechnologyTests.xctest; sourceTree = BUILT_PRODUCTS_DIR; };
		7A67DB4D1C881149005AA3B7 /* ScienceaAndTechnologyTests.m */ = {isa = PBXFileReference; lastKnownFileType = sourcecode.c.objc; path = ScienceaAndTechnologyTests.m; sourceTree = "<group>"; };
		7A67DB4F1C881149005AA3B7 /* Info.plist */ = {isa = PBXFileReference; lastKnownFileType = text.plist.xml; path = Info.plist; sourceTree = "<group>"; };
		7A67DB541C881149005AA3B7 /* ScienceaAndTechnologyUITests.xctest */ = {isa = PBXFileReference; explicitFileType = wrapper.cfbundle; includeInIndex = 0; path = ScienceaAndTechnologyUITests.xctest; sourceTree = BUILT_PRODUCTS_DIR; };
		7A67DB581C881149005AA3B7 /* ScienceaAndTechnologyUITests.m */ = {isa = PBXFileReference; lastKnownFileType = sourcecode.c.objc; path = ScienceaAndTechnologyUITests.m; sourceTree = "<group>"; };
		7A67DB5A1C881149005AA3B7 /* Info.plist */ = {isa = PBXFileReference; lastKnownFileType = text.plist.xml; path = Info.plist; sourceTree = "<group>"; };
		7A67DB6F1C881970005AA3B7 /* MainViewController.h */ = {isa = PBXFileReference; fileEncoding = 4; lastKnownFileType = sourcecode.c.h; path = MainViewController.h; sourceTree = "<group>"; };
		7A67DB701C881970005AA3B7 /* MainViewController.m */ = {isa = PBXFileReference; fileEncoding = 4; lastKnownFileType = sourcecode.c.objc; path = MainViewController.m; sourceTree = "<group>"; };
		7A67DB721C881991005AA3B7 /* MineViewController.h */ = {isa = PBXFileReference; fileEncoding = 4; lastKnownFileType = sourcecode.c.h; path = MineViewController.h; sourceTree = "<group>"; };
		7A67DB731C881991005AA3B7 /* MineViewController.m */ = {isa = PBXFileReference; fileEncoding = 4; lastKnownFileType = sourcecode.c.objc; path = MineViewController.m; sourceTree = "<group>"; };
		7A67DB791C881C35005AA3B7 /* Main.storyboard */ = {isa = PBXFileReference; fileEncoding = 4; lastKnownFileType = file.storyboard; path = Main.storyboard; sourceTree = "<group>"; };
		7A67DB7B1C881D05005AA3B7 /* Mine.storyboard */ = {isa = PBXFileReference; fileEncoding = 4; lastKnownFileType = file.storyboard; path = Mine.storyboard; sourceTree = "<group>"; };
		7A67DB7F1C883A36005AA3B7 /* Main.pch */ = {isa = PBXFileReference; lastKnownFileType = sourcecode.c.h; path = Main.pch; sourceTree = "<group>"; };
		7A67DB801C8868F8005AA3B7 /* Hearder.h */ = {isa = PBXFileReference; lastKnownFileType = sourcecode.c.h; path = Hearder.h; sourceTree = "<group>"; };
		7A67DB811C887B54005AA3B7 /* News.plist */ = {isa = PBXFileReference; fileEncoding = 4; lastKnownFileType = text.plist.xml; path = News.plist; sourceTree = "<group>"; };
		C01C688C0DC732A5C394A462 /* libPods.a */ = {isa = PBXFileReference; explicitFileType = archive.ar; includeInIndex = 0; path = libPods.a; sourceTree = BUILT_PRODUCTS_DIR; };
		FDF66B642C3B2B6204EC8140 /* Pods.debug.xcconfig */ = {isa = PBXFileReference; includeInIndex = 1; lastKnownFileType = text.xcconfig; name = Pods.debug.xcconfig; path = "Pods/Target Support Files/Pods/Pods.debug.xcconfig"; sourceTree = "<group>"; };
/* End PBXFileReference section */

/* Begin PBXFrameworksBuildPhase section */
		7A67DB331C881149005AA3B7 /* Frameworks */ = {
			isa = PBXFrameworksBuildPhase;
			buildActionMask = 2147483647;
			files = (
				5557075F0A0E29FB0ABEAB3C /* libPods.a in Frameworks */,
			);
			runOnlyForDeploymentPostprocessing = 0;
		};
		7A67DB461C881149005AA3B7 /* Frameworks */ = {
			isa = PBXFrameworksBuildPhase;
			buildActionMask = 2147483647;
			files = (
			);
			runOnlyForDeploymentPostprocessing = 0;
		};
		7A67DB511C881149005AA3B7 /* Frameworks */ = {
			isa = PBXFrameworksBuildPhase;
			buildActionMask = 2147483647;
			files = (
			);
			runOnlyForDeploymentPostprocessing = 0;
		};
/* End PBXFrameworksBuildPhase section */

/* Begin PBXGroup section */
		469C4C4B72DE7A06FC2F7405 /* Frameworks */ = {
			isa = PBXGroup;
			children = (
				C01C688C0DC732A5C394A462 /* libPods.a */,
			);
			name = Frameworks;
			sourceTree = "<group>";
		};
		7A67DB2D1C881149005AA3B7 = {
			isa = PBXGroup;
			children = (
				7A67DB381C881149005AA3B7 /* ScienceaAndTechnology */,
				7A67DB4C1C881149005AA3B7 /* ScienceaAndTechnologyTests */,
				7A67DB571C881149005AA3B7 /* ScienceaAndTechnologyUITests */,
				7A67DB371C881149005AA3B7 /* Products */,
				DB6938CE25F848D9FB179646 /* Pods */,
				469C4C4B72DE7A06FC2F7405 /* Frameworks */,
			);
			sourceTree = "<group>";
		};
		7A67DB371C881149005AA3B7 /* Products */ = {
			isa = PBXGroup;
			children = (
				7A67DB361C881149005AA3B7 /* ScienceaAndTechnology.app */,
				7A67DB491C881149005AA3B7 /* ScienceaAndTechnologyTests.xctest */,
				7A67DB541C881149005AA3B7 /* ScienceaAndTechnologyUITests.xctest */,
			);
			name = Products;
			sourceTree = "<group>";
		};
		7A67DB381C881149005AA3B7 /* ScienceaAndTechnology */ = {
			isa = PBXGroup;
			children = (
				7A67DB7D1C88394F005AA3B7 /* Library */,
				7A67DB661C881827005AA3B7 /* Classes */,
				7A67DB3C1C881149005AA3B7 /* AppDelegate.h */,
				7A67DB3D1C881149005AA3B7 /* AppDelegate.m */,
				7A67DB3F1C881149005AA3B7 /* Assets.xcassets */,
				7A67DB411C881149005AA3B7 /* LaunchScreen.storyboard */,
				7A67DB441C881149005AA3B7 /* Info.plist */,
				7A67DB391C881149005AA3B7 /* Supporting Files */,
			);
			path = ScienceaAndTechnology;
			sourceTree = "<group>";
		};
		7A67DB391C881149005AA3B7 /* Supporting Files */ = {
			isa = PBXGroup;
			children = (
				7A67DB3A1C881149005AA3B7 /* main.m */,
			);
			name = "Supporting Files";
			sourceTree = "<group>";
		};
		7A67DB4C1C881149005AA3B7 /* ScienceaAndTechnologyTests */ = {
			isa = PBXGroup;
			children = (
				7A67DB4D1C881149005AA3B7 /* ScienceaAndTechnologyTests.m */,
				7A67DB4F1C881149005AA3B7 /* Info.plist */,
			);
			path = ScienceaAndTechnologyTests;
			sourceTree = "<group>";
		};
		7A67DB571C881149005AA3B7 /* ScienceaAndTechnologyUITests */ = {
			isa = PBXGroup;
			children = (
				7A67DB581C881149005AA3B7 /* ScienceaAndTechnologyUITests.m */,
				7A67DB5A1C881149005AA3B7 /* Info.plist */,
			);
			path = ScienceaAndTechnologyUITests;
			sourceTree = "<group>";
		};
		7A67DB661C881827005AA3B7 /* Classes */ = {
			isa = PBXGroup;
			children = (
				7A67DB671C881827005AA3B7 /* Main */,
				7A67DB6B1C881827005AA3B7 /* Mine */,
			);
			path = Classes;
			sourceTree = "<group>";
		};
		7A67DB671C881827005AA3B7 /* Main */ = {
			isa = PBXGroup;
			children = (
				7A67DB681C881827005AA3B7 /* Controller */,
				7A67DB691C881827005AA3B7 /* Model */,
				7A67DB6A1C881827005AA3B7 /* Views */,
			);
			path = Main;
			sourceTree = "<group>";
		};
		7A67DB681C881827005AA3B7 /* Controller */ = {
			isa = PBXGroup;
			children = (
				7A67DB6F1C881970005AA3B7 /* MainViewController.h */,
				7A67DB701C881970005AA3B7 /* MainViewController.m */,
			);
			path = Controller;
			sourceTree = "<group>";
		};
		7A67DB691C881827005AA3B7 /* Model */ = {
			isa = PBXGroup;
			children = (
				7A67DB811C887B54005AA3B7 /* News.plist */,
			);
			path = Model;
			sourceTree = "<group>";
		};
		7A67DB6A1C881827005AA3B7 /* Views */ = {
			isa = PBXGroup;
			children = (
				7A67DB791C881C35005AA3B7 /* Main.storyboard */,
			);
			path = Views;
			sourceTree = "<group>";
		};
		7A67DB6B1C881827005AA3B7 /* Mine */ = {
			isa = PBXGroup;
			children = (
				7A67DB6C1C881827005AA3B7 /* Controller */,
				7A67DB6D1C881827005AA3B7 /* Model */,
				7A67DB6E1C881827005AA3B7 /* Views */,
			);
			path = Mine;
			sourceTree = "<group>";
		};
		7A67DB6C1C881827005AA3B7 /* Controller */ = {
			isa = PBXGroup;
			children = (
				7A67DB721C881991005AA3B7 /* MineViewController.h */,
				7A67DB731C881991005AA3B7 /* MineViewController.m */,
			);
			path = Controller;
			sourceTree = "<group>";
		};
		7A67DB6D1C881827005AA3B7 /* Model */ = {
			isa = PBXGroup;
			children = (
			);
			path = Model;
			sourceTree = "<group>";
		};
		7A67DB6E1C881827005AA3B7 /* Views */ = {
			isa = PBXGroup;
			children = (
				7A67DB7B1C881D05005AA3B7 /* Mine.storyboard */,
			);
			path = Views;
			sourceTree = "<group>";
		};
		7A67DB7D1C88394F005AA3B7 /* Library */ = {
			isa = PBXGroup;
			children = (
				7A67DB7E1C8839ED005AA3B7 /* Tool */,
			);
			path = Library;
			sourceTree = "<group>";
		};
		7A67DB7E1C8839ED005AA3B7 /* Tool */ = {
			isa = PBXGroup;
			children = (
				7A67DB7F1C883A36005AA3B7 /* Main.pch */,
				7A67DB801C8868F8005AA3B7 /* Hearder.h */,
			);
			path = Tool;
			sourceTree = "<group>";
		};
		DB6938CE25F848D9FB179646 /* Pods */ = {
			isa = PBXGroup;
			children = (
				FDF66B642C3B2B6204EC8140 /* Pods.debug.xcconfig */,
				30D6E35A54AEA4FC9512494E /* Pods.release.xcconfig */,
			);
			name = Pods;
			sourceTree = "<group>";
		};
/* End PBXGroup section */

/* Begin PBXNativeTarget section */
		7A67DB351C881149005AA3B7 /* ScienceaAndTechnology */ = {
			isa = PBXNativeTarget;
			buildConfigurationList = 7A67DB5D1C881149005AA3B7 /* Build configuration list for PBXNativeTarget "ScienceaAndTechnology" */;
			buildPhases = (
				4B5742A604216E2D237DA786 /* Check Pods Manifest.lock */,
				7A67DB321C881149005AA3B7 /* Sources */,
				7A67DB331C881149005AA3B7 /* Frameworks */,
				7A67DB341C881149005AA3B7 /* Resources */,
				A69E5C4F2B2E3F299F2E1AAC /* Embed Pods Frameworks */,
				CF1C1CEA9C03495E5127C53E /* Copy Pods Resources */,
			);
			buildRules = (
			);
			dependencies = (
			);
			name = ScienceaAndTechnology;
			productName = ScienceaAndTechnology;
			productReference = 7A67DB361C881149005AA3B7 /* ScienceaAndTechnology.app */;
			productType = "com.apple.product-type.application";
		};
		7A67DB481C881149005AA3B7 /* ScienceaAndTechnologyTests */ = {
			isa = PBXNativeTarget;
			buildConfigurationList = 7A67DB601C881149005AA3B7 /* Build configuration list for PBXNativeTarget "ScienceaAndTechnologyTests" */;
			buildPhases = (
				7A67DB451C881149005AA3B7 /* Sources */,
				7A67DB461C881149005AA3B7 /* Frameworks */,
				7A67DB471C881149005AA3B7 /* Resources */,
			);
			buildRules = (
			);
			dependencies = (
				7A67DB4B1C881149005AA3B7 /* PBXTargetDependency */,
			);
			name = ScienceaAndTechnologyTests;
			productName = ScienceaAndTechnologyTests;
			productReference = 7A67DB491C881149005AA3B7 /* ScienceaAndTechnologyTests.xctest */;
			productType = "com.apple.product-type.bundle.unit-test";
		};
		7A67DB531C881149005AA3B7 /* ScienceaAndTechnologyUITests */ = {
			isa = PBXNativeTarget;
			buildConfigurationList = 7A67DB631C881149005AA3B7 /* Build configuration list for PBXNativeTarget "ScienceaAndTechnologyUITests" */;
			buildPhases = (
				7A67DB501C881149005AA3B7 /* Sources */,
				7A67DB511C881149005AA3B7 /* Frameworks */,
				7A67DB521C881149005AA3B7 /* Resources */,
			);
			buildRules = (
			);
			dependencies = (
				7A67DB561C881149005AA3B7 /* PBXTargetDependency */,
			);
			name = ScienceaAndTechnologyUITests;
			productName = ScienceaAndTechnologyUITests;
			productReference = 7A67DB541C881149005AA3B7 /* ScienceaAndTechnologyUITests.xctest */;
			productType = "com.apple.product-type.bundle.ui-testing";
		};
/* End PBXNativeTarget section */

/* Begin PBXProject section */
		7A67DB2E1C881149005AA3B7 /* Project object */ = {
			isa = PBXProject;
			attributes = {
				LastUpgradeCheck = 0720;
				ORGANIZATIONNAME = "韩苇棋";
				TargetAttributes = {
					7A67DB351C881149005AA3B7 = {
						CreatedOnToolsVersion = 7.2;
						DevelopmentTeam = N9LZQ5F3XD;
					};
					7A67DB481C881149005AA3B7 = {
						CreatedOnToolsVersion = 7.2;
						DevelopmentTeam = N9LZQ5F3XD;
						TestTargetID = 7A67DB351C881149005AA3B7;
					};
					7A67DB531C881149005AA3B7 = {
						CreatedOnToolsVersion = 7.2;
						DevelopmentTeam = N9LZQ5F3XD;
						TestTargetID = 7A67DB351C881149005AA3B7;
					};
				};
			};
			buildConfigurationList = 7A67DB311C881149005AA3B7 /* Build configuration list for PBXProject "ScienceaAndTechnology" */;
			compatibilityVersion = "Xcode 3.2";
			developmentRegion = English;
			hasScannedForEncodings = 0;
			knownRegions = (
				en,
				Base,
			);
			mainGroup = 7A67DB2D1C881149005AA3B7;
			productRefGroup = 7A67DB371C881149005AA3B7 /* Products */;
			projectDirPath = "";
			projectRoot = "";
			targets = (
				7A67DB351C881149005AA3B7 /* ScienceaAndTechnology */,
				7A67DB481C881149005AA3B7 /* ScienceaAndTechnologyTests */,
				7A67DB531C881149005AA3B7 /* ScienceaAndTechnologyUITests */,
			);
		};
/* End PBXProject section */

/* Begin PBXResourcesBuildPhase section */
		7A67DB341C881149005AA3B7 /* Resources */ = {
			isa = PBXResourcesBuildPhase;
			buildActionMask = 2147483647;
			files = (
				7A67DB7A1C881C35005AA3B7 /* Main.storyboard in Resources */,
				7A67DB401C881149005AA3B7 /* Assets.xcassets in Resources */,
				7A67DB431C881149005AA3B7 /* LaunchScreen.storyboard in Resources */,
				7A67DB821C887B54005AA3B7 /* News.plist in Resources */,
				7A67DB7C1C881D05005AA3B7 /* Mine.storyboard in Resources */,
			);
			runOnlyForDeploymentPostprocessing = 0;
		};
		7A67DB471C881149005AA3B7 /* Resources */ = {
			isa = PBXResourcesBuildPhase;
			buildActionMask = 2147483647;
			files = (
			);
			runOnlyForDeploymentPostprocessing = 0;
		};
		7A67DB521C881149005AA3B7 /* Resources */ = {
			isa = PBXResourcesBuildPhase;
			buildActionMask = 2147483647;
			files = (
			);
			runOnlyForDeploymentPostprocessing = 0;
		};
/* End PBXResourcesBuildPhase section */

/* Begin PBXShellScriptBuildPhase section */
		4B5742A604216E2D237DA786 /* Check Pods Manifest.lock */ = {
			isa = PBXShellScriptBuildPhase;
			buildActionMask = 2147483647;
			files = (
			);
			inputPaths = (
			);
			name = "Check Pods Manifest.lock";
			outputPaths = (
			);
			runOnlyForDeploymentPostprocessing = 0;
			shellPath = /bin/sh;
			shellScript = "diff \"${PODS_ROOT}/../Podfile.lock\" \"${PODS_ROOT}/Manifest.lock\" > /dev/null\nif [[ $? != 0 ]] ; then\n    cat << EOM\nerror: The sandbox is not in sync with the Podfile.lock. Run 'pod install' or update your CocoaPods installation.\nEOM\n    exit 1\nfi\n";
			showEnvVarsInLog = 0;
		};
		A69E5C4F2B2E3F299F2E1AAC /* Embed Pods Frameworks */ = {
			isa = PBXShellScriptBuildPhase;
			buildActionMask = 2147483647;
			files = (
			);
			inputPaths = (
			);
			name = "Embed Pods Frameworks";
			outputPaths = (
			);
			runOnlyForDeploymentPostprocessing = 0;
			shellPath = /bin/sh;
			shellScript = "\"${SRCROOT}/Pods/Target Support Files/Pods/Pods-frameworks.sh\"\n";
			showEnvVarsInLog = 0;
		};
		CF1C1CEA9C03495E5127C53E /* Copy Pods Resources */ = {
			isa = PBXShellScriptBuildPhase;
			buildActionMask = 2147483647;
			files = (
			);
			inputPaths = (
			);
			name = "Copy Pods Resources";
			outputPaths = (
			);
			runOnlyForDeploymentPostprocessing = 0;
			shellPath = /bin/sh;
			shellScript = "\"${SRCROOT}/Pods/Target Support Files/Pods/Pods-resources.sh\"\n";
			showEnvVarsInLog = 0;
		};
/* End PBXShellScriptBuildPhase section */

/* Begin PBXSourcesBuildPhase section */
		7A67DB321C881149005AA3B7 /* Sources */ = {
			isa = PBXSourcesBuildPhase;
			buildActionMask = 2147483647;
			files = (
				7A67DB3E1C881149005AA3B7 /* AppDelegate.m in Sources */,
				7A67DB711C881970005AA3B7 /* MainViewController.m in Sources */,
				7A67DB3B1C881149005AA3B7 /* main.m in Sources */,
				7A67DB741C881991005AA3B7 /* MineViewController.m in Sources */,
			);
			runOnlyForDeploymentPostprocessing = 0;
		};
		7A67DB451C881149005AA3B7 /* Sources */ = {
			isa = PBXSourcesBuildPhase;
			buildActionMask = 2147483647;
			files = (
				7A67DB4E1C881149005AA3B7 /* ScienceaAndTechnologyTests.m in Sources */,
			);
			runOnlyForDeploymentPostprocessing = 0;
		};
		7A67DB501C881149005AA3B7 /* Sources */ = {
			isa = PBXSourcesBuildPhase;
			buildActionMask = 2147483647;
			files = (
				7A67DB591C881149005AA3B7 /* ScienceaAndTechnologyUITests.m in Sources */,
			);
			runOnlyForDeploymentPostprocessing = 0;
		};
/* End PBXSourcesBuildPhase section */

/* Begin PBXTargetDependency section */
		7A67DB4B1C881149005AA3B7 /* PBXTargetDependency */ = {
			isa = PBXTargetDependency;
			target = 7A67DB351C881149005AA3B7 /* ScienceaAndTechnology */;
			targetProxy = 7A67DB4A1C881149005AA3B7 /* PBXContainerItemProxy */;
		};
		7A67DB561C881149005AA3B7 /* PBXTargetDependency */ = {
			isa = PBXTargetDependency;
			target = 7A67DB351C881149005AA3B7 /* ScienceaAndTechnology */;
			targetProxy = 7A67DB551C881149005AA3B7 /* PBXContainerItemProxy */;
		};
/* End PBXTargetDependency section */

/* Begin PBXVariantGroup section */
		7A67DB411C881149005AA3B7 /* LaunchScreen.storyboard */ = {
			isa = PBXVariantGroup;
			children = (
				7A67DB421C881149005AA3B7 /* Base */,
			);
			name = LaunchScreen.storyboard;
			sourceTree = "<group>";
		};
/* End PBXVariantGroup section */

/* Begin XCBuildConfiguration section */
		7A67DB5B1C881149005AA3B7 /* Debug */ = {
			isa = XCBuildConfiguration;
			buildSettings = {
				ALWAYS_SEARCH_USER_PATHS = NO;
				CLANG_CXX_LANGUAGE_STANDARD = "gnu++0x";
				CLANG_CXX_LIBRARY = "libc++";
				CLANG_ENABLE_MODULES = YES;
				CLANG_ENABLE_OBJC_ARC = YES;
				CLANG_WARN_BOOL_CONVERSION = YES;
				CLANG_WARN_CONSTANT_CONVERSION = YES;
				CLANG_WARN_DIRECT_OBJC_ISA_USAGE = YES_ERROR;
				CLANG_WARN_EMPTY_BODY = YES;
				CLANG_WARN_ENUM_CONVERSION = YES;
				CLANG_WARN_INT_CONVERSION = YES;
				CLANG_WARN_OBJC_ROOT_CLASS = YES_ERROR;
				CLANG_WARN_UNREACHABLE_CODE = YES;
				CLANG_WARN__DUPLICATE_METHOD_MATCH = YES;
				"CODE_SIGN_IDENTITY[sdk=iphoneos*]" = "iPhone Developer";
				COPY_PHASE_STRIP = NO;
				DEBUG_INFORMATION_FORMAT = dwarf;
				ENABLE_STRICT_OBJC_MSGSEND = YES;
				ENABLE_TESTABILITY = YES;
				GCC_C_LANGUAGE_STANDARD = gnu99;
				GCC_DYNAMIC_NO_PIC = NO;
				GCC_NO_COMMON_BLOCKS = YES;
				GCC_OPTIMIZATION_LEVEL = 0;
				GCC_PREPROCESSOR_DEFINITIONS = (
					"DEBUG=1",
					"$(inherited)",
				);
				GCC_WARN_64_TO_32_BIT_CONVERSION = YES;
				GCC_WARN_ABOUT_RETURN_TYPE = YES_ERROR;
				GCC_WARN_UNDECLARED_SELECTOR = YES;
				GCC_WARN_UNINITIALIZED_AUTOS = YES_AGGRESSIVE;
				GCC_WARN_UNUSED_FUNCTION = YES;
				GCC_WARN_UNUSED_VARIABLE = YES;
				IPHONEOS_DEPLOYMENT_TARGET = 9.2;
				MTL_ENABLE_DEBUG_INFO = YES;
				ONLY_ACTIVE_ARCH = YES;
				SDKROOT = iphoneos;
			};
			name = Debug;
		};
		7A67DB5C1C881149005AA3B7 /* Release */ = {
			isa = XCBuildConfiguration;
			buildSettings = {
				ALWAYS_SEARCH_USER_PATHS = NO;
				CLANG_CXX_LANGUAGE_STANDARD = "gnu++0x";
				CLANG_CXX_LIBRARY = "libc++";
				CLANG_ENABLE_MODULES = YES;
				CLANG_ENABLE_OBJC_ARC = YES;
				CLANG_WARN_BOOL_CONVERSION = YES;
				CLANG_WARN_CONSTANT_CONVERSION = YES;
				CLANG_WARN_DIRECT_OBJC_ISA_USAGE = YES_ERROR;
				CLANG_WARN_EMPTY_BODY = YES;
				CLANG_WARN_ENUM_CONVERSION = YES;
				CLANG_WARN_INT_CONVERSION = YES;
				CLANG_WARN_OBJC_ROOT_CLASS = YES_ERROR;
				CLANG_WARN_UNREACHABLE_CODE = YES;
				CLANG_WARN__DUPLICATE_METHOD_MATCH = YES;
				"CODE_SIGN_IDENTITY[sdk=iphoneos*]" = "iPhone Developer";
				COPY_PHASE_STRIP = NO;
				DEBUG_INFORMATION_FORMAT = "dwarf-with-dsym";
				ENABLE_NS_ASSERTIONS = NO;
				ENABLE_STRICT_OBJC_MSGSEND = YES;
				GCC_C_LANGUAGE_STANDARD = gnu99;
				GCC_NO_COMMON_BLOCKS = YES;
				GCC_WARN_64_TO_32_BIT_CONVERSION = YES;
				GCC_WARN_ABOUT_RETURN_TYPE = YES_ERROR;
				GCC_WARN_UNDECLARED_SELECTOR = YES;
				GCC_WARN_UNINITIALIZED_AUTOS = YES_AGGRESSIVE;
				GCC_WARN_UNUSED_FUNCTION = YES;
				GCC_WARN_UNUSED_VARIABLE = YES;
				IPHONEOS_DEPLOYMENT_TARGET = 9.2;
				MTL_ENABLE_DEBUG_INFO = NO;
				SDKROOT = iphoneos;
				VALIDATE_PRODUCT = YES;
			};
			name = Release;
		};
		7A67DB5E1C881149005AA3B7 /* Debug */ = {
			isa = XCBuildConfiguration;
			baseConfigurationReference = FDF66B642C3B2B6204EC8140 /* Pods.debug.xcconfig */;
			buildSettings = {
				ASSETCATALOG_COMPILER_APPICON_NAME = AppIcon;
				GCC_PREFIX_HEADER = "/Users/scjy/Desktop/Science-News/ScienceaAndTechnology/ScienceaAndTechnology/Library/Tool/Main.pch";
				INFOPLIST_FILE = ScienceaAndTechnology/Info.plist;
				LD_RUNPATH_SEARCH_PATHS = "$(inherited) @executable_path/Frameworks";
				PRODUCT_BUNDLE_IDENTIFIER = com.MangoInc.ScienceaAndTechnology;
				PRODUCT_NAME = "$(TARGET_NAME)";
			};
			name = Debug;
		};
		7A67DB5F1C881149005AA3B7 /* Release */ = {
			isa = XCBuildConfiguration;
			baseConfigurationReference = 30D6E35A54AEA4FC9512494E /* Pods.release.xcconfig */;
			buildSettings = {
				ASSETCATALOG_COMPILER_APPICON_NAME = AppIcon;
				GCC_PREFIX_HEADER = "/Users/scjy/Desktop/Science-News/ScienceaAndTechnology/ScienceaAndTechnology/Library/Tool/Main.pch";
				INFOPLIST_FILE = ScienceaAndTechnology/Info.plist;
				LD_RUNPATH_SEARCH_PATHS = "$(inherited) @executable_path/Frameworks";
				PRODUCT_BUNDLE_IDENTIFIER = com.MangoInc.ScienceaAndTechnology;
				PRODUCT_NAME = "$(TARGET_NAME)";
			};
			name = Release;
		};
		7A67DB611C881149005AA3B7 /* Debug */ = {
			isa = XCBuildConfiguration;
			buildSettings = {
				BUNDLE_LOADER = "$(TEST_HOST)";
				INFOPLIST_FILE = ScienceaAndTechnologyTests/Info.plist;
				LD_RUNPATH_SEARCH_PATHS = "$(inherited) @executable_path/Frameworks @loader_path/Frameworks";
				PRODUCT_BUNDLE_IDENTIFIER = com.MangoInc.ScienceaAndTechnologyTests;
				PRODUCT_NAME = "$(TARGET_NAME)";
				TEST_HOST = "$(BUILT_PRODUCTS_DIR)/ScienceaAndTechnology.app/ScienceaAndTechnology";
			};
			name = Debug;
		};
		7A67DB621C881149005AA3B7 /* Release */ = {
			isa = XCBuildConfiguration;
			buildSettings = {
				BUNDLE_LOADER = "$(TEST_HOST)";
				INFOPLIST_FILE = ScienceaAndTechnologyTests/Info.plist;
				LD_RUNPATH_SEARCH_PATHS = "$(inherited) @executable_path/Frameworks @loader_path/Frameworks";
				PRODUCT_BUNDLE_IDENTIFIER = com.MangoInc.ScienceaAndTechnologyTests;
				PRODUCT_NAME = "$(TARGET_NAME)";
				TEST_HOST = "$(BUILT_PRODUCTS_DIR)/ScienceaAndTechnology.app/ScienceaAndTechnology";
			};
			name = Release;
		};
		7A67DB641C881149005AA3B7 /* Debug */ = {
			isa = XCBuildConfiguration;
			buildSettings = {
				INFOPLIST_FILE = ScienceaAndTechnologyUITests/Info.plist;
				LD_RUNPATH_SEARCH_PATHS = "$(inherited) @executable_path/Frameworks @loader_path/Frameworks";
				PRODUCT_BUNDLE_IDENTIFIER = com.MangoInc.ScienceaAndTechnologyUITests;
				PRODUCT_NAME = "$(TARGET_NAME)";
				TEST_TARGET_NAME = ScienceaAndTechnology;
				USES_XCTRUNNER = YES;
			};
			name = Debug;
		};
		7A67DB651C881149005AA3B7 /* Release */ = {
			isa = XCBuildConfiguration;
			buildSettings = {
				INFOPLIST_FILE = ScienceaAndTechnologyUITests/Info.plist;
				LD_RUNPATH_SEARCH_PATHS = "$(inherited) @executable_path/Frameworks @loader_path/Frameworks";
				PRODUCT_BUNDLE_IDENTIFIER = com.MangoInc.ScienceaAndTechnologyUITests;
				PRODUCT_NAME = "$(TARGET_NAME)";
				TEST_TARGET_NAME = ScienceaAndTechnology;
				USES_XCTRUNNER = YES;
			};
			name = Release;
		};
/* End XCBuildConfiguration section */

/* Begin XCConfigurationList section */
		7A67DB311C881149005AA3B7 /* Build configuration list for PBXProject "ScienceaAndTechnology" */ = {
			isa = XCConfigurationList;
			buildConfigurations = (
				7A67DB5B1C881149005AA3B7 /* Debug */,
				7A67DB5C1C881149005AA3B7 /* Release */,
			);
			defaultConfigurationIsVisible = 0;
			defaultConfigurationName = Release;
		};
		7A67DB5D1C881149005AA3B7 /* Build configuration list for PBXNativeTarget "ScienceaAndTechnology" */ = {
			isa = XCConfigurationList;
			buildConfigurations = (
				7A67DB5E1C881149005AA3B7 /* Debug */,
				7A67DB5F1C881149005AA3B7 /* Release */,
			);
			defaultConfigurationIsVisible = 0;
			defaultConfigurationName = Release;
		};
		7A67DB601C881149005AA3B7 /* Build configuration list for PBXNativeTarget "ScienceaAndTechnologyTests" */ = {
			isa = XCConfigurationList;
			buildConfigurations = (
				7A67DB611C881149005AA3B7 /* Debug */,
				7A67DB621C881149005AA3B7 /* Release */,
			);
			defaultConfigurationIsVisible = 0;
			defaultConfigurationName = Release;
		};
		7A67DB631C881149005AA3B7 /* Build configuration list for PBXNativeTarget "ScienceaAndTechnologyUITests" */ = {
			isa = XCConfigurationList;
			buildConfigurations = (
				7A67DB641C881149005AA3B7 /* Debug */,
				7A67DB651C881149005AA3B7 /* Release */,
			);
			defaultConfigurationIsVisible = 0;
			defaultConfigurationName = Release;
		};
/* End XCConfigurationList section */
	};
	rootObject = 7A67DB2E1C881149005AA3B7 /* Project object */;
}
