// !$*UTF8*$!
{
	archiveVersion = 1;
	classes = {
	};
	objectVersion = 46;
	objects = {

/* Begin PBXBuildFile section */
		5557075F0A0E29FB0ABEAB3C /* libPods.a in Frameworks */ = {isa = PBXBuildFile; fileRef = C01C688C0DC732A5C394A462 /* libPods.a */; };
		7A11BCDE1C8E674C002432EE /* tupian@2x.png in Resources */ = {isa = PBXBuildFile; fileRef = 7A11BCDD1C8E674C002432EE /* tupian@2x.png */; };
		7A11BCE11C8EA510002432EE /* LoginViewController.m in Sources */ = {isa = PBXBuildFile; fileRef = 7A11BCE01C8EA510002432EE /* LoginViewController.m */; };
		7A11BCE41C8EA52A002432EE /* RegisterViewController.m in Sources */ = {isa = PBXBuildFile; fileRef = 7A11BCE31C8EA52A002432EE /* RegisterViewController.m */; };
		7A11BCE61C8EA588002432EE /* Login.storyboard in Resources */ = {isa = PBXBuildFile; fileRef = 7A11BCE51C8EA588002432EE /* Login.storyboard */; };
		7A11BCE81C8EA5A6002432EE /* Register.storyboard in Resources */ = {isa = PBXBuildFile; fileRef = 7A11BCE71C8EA5A6002432EE /* Register.storyboard */; };
		7A11BCEF1C8EC85E002432EE /* CoreLocation.framework in Frameworks */ = {isa = PBXBuildFile; fileRef = 7A11BCEE1C8EC85E002432EE /* CoreLocation.framework */; };
		7A11BCF11C8EC889002432EE /* MobileCoreServices.framework in Frameworks */ = {isa = PBXBuildFile; fileRef = 7A11BCF01C8EC889002432EE /* MobileCoreServices.framework */; };
		7A11BCF31C8EC892002432EE /* CFNetwork.framework in Frameworks */ = {isa = PBXBuildFile; fileRef = 7A11BCF21C8EC892002432EE /* CFNetwork.framework */; };
		7A11BCF51C8EC8C3002432EE /* libz.1.2.5.tbd in Frameworks */ = {isa = PBXBuildFile; fileRef = 7A11BCF41C8EC8C3002432EE /* libz.1.2.5.tbd */; };
		7A11BCF71C8EC8D1002432EE /* libicucore.tbd in Frameworks */ = {isa = PBXBuildFile; fileRef = 7A11BCF61C8EC8D1002432EE /* libicucore.tbd */; };
		7A11BCF91C8EC8DD002432EE /* libsqlite3.tbd in Frameworks */ = {isa = PBXBuildFile; fileRef = 7A11BCF81C8EC8DD002432EE /* libsqlite3.tbd */; };
		7A11BCFB1C8EC8E7002432EE /* AVFoundation.framework in Frameworks */ = {isa = PBXBuildFile; fileRef = 7A11BCFA1C8EC8E7002432EE /* AVFoundation.framework */; };
		7A11BCFD1C8EC8F2002432EE /* MediaPlayer.framework in Frameworks */ = {isa = PBXBuildFile; fileRef = 7A11BCFC1C8EC8F2002432EE /* MediaPlayer.framework */; };
		7A11BD7E1C8EEC5A002432EE /* Bmob_iOS_SDK更新历史.txt in Resources */ = {isa = PBXBuildFile; fileRef = 7A11BD501C8EEC5A002432EE /* Bmob_iOS_SDK更新历史.txt */; };
		7A11BD7F1C8EEC5A002432EE /* BmobSDK.framework in Frameworks */ = {isa = PBXBuildFile; fileRef = 7A11BD511C8EEC5A002432EE /* BmobSDK.framework */; };
		7A11BD801C8EEC5A002432EE /* libWeiboSDK.a in Frameworks */ = {isa = PBXBuildFile; fileRef = 7A11BD531C8EEC5A002432EE /* libWeiboSDK.a */; };
		7A11BD811C8EEC5A002432EE /* WeiboSDK.bundle in Resources */ = {isa = PBXBuildFile; fileRef = 7A11BD5C1C8EEC5A002432EE /* WeiboSDK.bundle */; };
		7A11BD821C8EEC5A002432EE /* blueArrow.png in Resources */ = {isa = PBXBuildFile; fileRef = 7A11BD621C8EEC5A002432EE /* blueArrow.png */; };
		7A11BD831C8EEC5A002432EE /* blueArrowDown.png in Resources */ = {isa = PBXBuildFile; fileRef = 7A11BD631C8EEC5A002432EE /* blueArrowDown.png */; };
		7A11BD841C8EEC5A002432EE /* PullingRefreshTableView.m in Sources */ = {isa = PBXBuildFile; fileRef = 7A11BD651C8EEC5A002432EE /* PullingRefreshTableView.m */; };
		7A11BD851C8EEC5A002432EE /* libWeChatSDK.a in Frameworks */ = {isa = PBXBuildFile; fileRef = 7A11BD671C8EEC5A002432EE /* libWeChatSDK.a */; };
		7A11BD861C8EEC5A002432EE /* read_me.txt in Resources */ = {isa = PBXBuildFile; fileRef = 7A11BD681C8EEC5A002432EE /* read_me.txt */; };
		7A11BD871C8EEC5A002432EE /* HWTools.m in Sources */ = {isa = PBXBuildFile; fileRef = 7A11BD6F1C8EEC5A002432EE /* HWTools.m */; };
		7A11BD881C8EEC5A002432EE /* shareView.m in Sources */ = {isa = PBXBuildFile; fileRef = 7A11BD721C8EEC5A002432EE /* shareView.m */; };
		7A11BD891C8EEC5A002432EE /* UIViewController+Common.m in Sources */ = {isa = PBXBuildFile; fileRef = 7A11BD741C8EEC5A002432EE /* UIViewController+Common.m */; };
		7A11BD8A1C8EEC5A002432EE /* VOContentLayer.m in Sources */ = {isa = PBXBuildFile; fileRef = 7A11BD771C8EEC5A002432EE /* VOContentLayer.m */; };
		7A11BD8B1C8EEC5A002432EE /* VOIndicatorAnimation.m in Sources */ = {isa = PBXBuildFile; fileRef = 7A11BD791C8EEC5A002432EE /* VOIndicatorAnimation.m */; };
		7A11BD8C1C8EEC5A002432EE /* VOSegment.m in Sources */ = {isa = PBXBuildFile; fileRef = 7A11BD7B1C8EEC5A002432EE /* VOSegment.m */; };
		7A11BD8D1C8EEC5A002432EE /* VOSegmentedControl.m in Sources */ = {isa = PBXBuildFile; fileRef = 7A11BD7D1C8EEC5A002432EE /* VOSegmentedControl.m */; };
		7A11BD911C8EECB5002432EE /* ProgressHUD.bundle in Resources */ = {isa = PBXBuildFile; fileRef = 7A11BD8E1C8EECB5002432EE /* ProgressHUD.bundle */; };
		7A11BD921C8EECB5002432EE /* ProgressHUD.m in Sources */ = {isa = PBXBuildFile; fileRef = 7A11BD901C8EECB5002432EE /* ProgressHUD.m */; };
		7A11BD961C8EECD0002432EE /* LPLevelView.bundle in Resources */ = {isa = PBXBuildFile; fileRef = 7A11BD931C8EECD0002432EE /* LPLevelView.bundle */; };
		7A11BD971C8EECD0002432EE /* LPLevelView.m in Sources */ = {isa = PBXBuildFile; fileRef = 7A11BD951C8EECD0002432EE /* LPLevelView.m */; };
		7A11BD9D1C8EEF7A002432EE /* ScoreView.m in Sources */ = {isa = PBXBuildFile; fileRef = 7A11BD9C1C8EEF7A002432EE /* ScoreView.m */; };
		7A11BD9F1C8EF7A7002432EE /* 01.jpg in Resources */ = {isa = PBXBuildFile; fileRef = 7A11BD9E1C8EF7A7002432EE /* 01.jpg */; };
		7A11BDA11C8EFEAA002432EE /* 12.jpg in Resources */ = {isa = PBXBuildFile; fileRef = 7A11BDA01C8EFEAA002432EE /* 12.jpg */; };
		7A16F9FB1C8D04E30086C65B /* Assets.xcassets in Resources */ = {isa = PBXBuildFile; fileRef = 7A16F9FA1C8D04E30086C65B /* Assets.xcassets */; };
		7A16F9FE1C8D052B0086C65B /* DiscoverViewController.m in Sources */ = {isa = PBXBuildFile; fileRef = 7A16F9FD1C8D052B0086C65B /* DiscoverViewController.m */; };
		7A16FA001C8D2A620086C65B /* 1.jpg in Resources */ = {isa = PBXBuildFile; fileRef = 7A16F9FF1C8D2A620086C65B /* 1.jpg */; };
		7A16FA041C8D4EA20086C65B /* DiscoverTableViewCell.m in Sources */ = {isa = PBXBuildFile; fileRef = 7A16FA021C8D4EA20086C65B /* DiscoverTableViewCell.m */; };
		7A16FA051C8D4EA30086C65B /* DiscoverTableViewCell.xib in Resources */ = {isa = PBXBuildFile; fileRef = 7A16FA031C8D4EA20086C65B /* DiscoverTableViewCell.xib */; };
		7A16FA071C8D51E80086C65B /* 01.plist in Resources */ = {isa = PBXBuildFile; fileRef = 7A16FA061C8D51E80086C65B /* 01.plist */; };
		7A16FA0A1C8D57790086C65B /* DiscoverModel.m in Sources */ = {isa = PBXBuildFile; fileRef = 7A16FA091C8D57790086C65B /* DiscoverModel.m */; };
		7A16FA141C8D7B450086C65B /* libc++.tbd in Frameworks */ = {isa = PBXBuildFile; fileRef = 7A16FA131C8D7B450086C65B /* libc++.tbd */; };
		7A16FA171C8D9C150086C65B /* LineViewController.m in Sources */ = {isa = PBXBuildFile; fileRef = 7A16FA161C8D9C150086C65B /* LineViewController.m */; };
		7A1BD5AC1C890F8700AF98C6 /* newsModel.m in Sources */ = {isa = PBXBuildFile; fileRef = 7A1BD5AB1C890F8700AF98C6 /* newsModel.m */; };
		7A1BD5C01C89333000AF98C6 /* NewsTableViewCell.m in Sources */ = {isa = PBXBuildFile; fileRef = 7A1BD5BE1C89333000AF98C6 /* NewsTableViewCell.m */; };
		7A1BD5C11C89333000AF98C6 /* NewsTableViewCell.xib in Resources */ = {isa = PBXBuildFile; fileRef = 7A1BD5BF1C89333000AF98C6 /* NewsTableViewCell.xib */; };
		7A1BD5C31C89390F00AF98C6 /* Homepage.plist in Resources */ = {isa = PBXBuildFile; fileRef = 7A1BD5C21C89390F00AF98C6 /* Homepage.plist */; };
		7A1BD5C51C89876C00AF98C6 /* Page1.plist in Resources */ = {isa = PBXBuildFile; fileRef = 7A1BD5C41C89876C00AF98C6 /* Page1.plist */; };
		7A1BD5D31C89CC7700AF98C6 /* ViewController.m in Sources */ = {isa = PBXBuildFile; fileRef = 7A1BD5D21C89CC7700AF98C6 /* ViewController.m */; };
		7A5E84F81C8A83AC00868BE1 /* Activity.plist in Resources */ = {isa = PBXBuildFile; fileRef = 7A5E84F71C8A83AC00868BE1 /* Activity.plist */; };
		7A5E850F1C8AC82800868BE1 /* QuartzCore.framework in Frameworks */ = {isa = PBXBuildFile; fileRef = 7A5E850E1C8AC82800868BE1 /* QuartzCore.framework */; };
		7A5E85111C8AC83300868BE1 /* ImageIO.framework in Frameworks */ = {isa = PBXBuildFile; fileRef = 7A5E85101C8AC83300868BE1 /* ImageIO.framework */; };
		7A5E85131C8AC84600868BE1 /* SystemConfiguration.framework in Frameworks */ = {isa = PBXBuildFile; fileRef = 7A5E85121C8AC84600868BE1 /* SystemConfiguration.framework */; };
		7A5E85151C8AC85500868BE1 /* Security.framework in Frameworks */ = {isa = PBXBuildFile; fileRef = 7A5E85141C8AC85500868BE1 /* Security.framework */; };
		7A5E85171C8AC86300868BE1 /* CoreTelephony.framework in Frameworks */ = {isa = PBXBuildFile; fileRef = 7A5E85161C8AC86300868BE1 /* CoreTelephony.framework */; };
		7A5E85191C8AC86D00868BE1 /* CoreText.framework in Frameworks */ = {isa = PBXBuildFile; fileRef = 7A5E85181C8AC86D00868BE1 /* CoreText.framework */; };
		7A5E851B1C8AC87A00868BE1 /* UIKit.framework in Frameworks */ = {isa = PBXBuildFile; fileRef = 7A5E851A1C8AC87A00868BE1 /* UIKit.framework */; };
		7A5E851D1C8AC88600868BE1 /* Foundation.framework in Frameworks */ = {isa = PBXBuildFile; fileRef = 7A5E851C1C8AC88600868BE1 /* Foundation.framework */; };
		7A5E851F1C8AC89100868BE1 /* CoreGraphics.framework in Frameworks */ = {isa = PBXBuildFile; fileRef = 7A5E851E1C8AC89100868BE1 /* CoreGraphics.framework */; };
		7A5E85211C8AC8A100868BE1 /* libz.tbd in Frameworks */ = {isa = PBXBuildFile; fileRef = 7A5E85201C8AC8A100868BE1 /* libz.tbd */; };
		7A5E85231C8AC8AD00868BE1 /* libsqlite3.0.tbd in Frameworks */ = {isa = PBXBuildFile; fileRef = 7A5E85221C8AC8AD00868BE1 /* libsqlite3.0.tbd */; };
		7A67DB3B1C881149005AA3B7 /* main.m in Sources */ = {isa = PBXBuildFile; fileRef = 7A67DB3A1C881149005AA3B7 /* main.m */; };
		7A67DB3E1C881149005AA3B7 /* AppDelegate.m in Sources */ = {isa = PBXBuildFile; fileRef = 7A67DB3D1C881149005AA3B7 /* AppDelegate.m */; };
		7A67DB431C881149005AA3B7 /* LaunchScreen.storyboard in Resources */ = {isa = PBXBuildFile; fileRef = 7A67DB411C881149005AA3B7 /* LaunchScreen.storyboard */; };
		7A67DB4E1C881149005AA3B7 /* ScienceaAndTechnologyTests.m in Sources */ = {isa = PBXBuildFile; fileRef = 7A67DB4D1C881149005AA3B7 /* ScienceaAndTechnologyTests.m */; };
		7A67DB591C881149005AA3B7 /* ScienceaAndTechnologyUITests.m in Sources */ = {isa = PBXBuildFile; fileRef = 7A67DB581C881149005AA3B7 /* ScienceaAndTechnologyUITests.m */; };
		7A67DB711C881970005AA3B7 /* MainViewController.m in Sources */ = {isa = PBXBuildFile; fileRef = 7A67DB701C881970005AA3B7 /* MainViewController.m */; };
		7A67DB741C881991005AA3B7 /* MineViewController.m in Sources */ = {isa = PBXBuildFile; fileRef = 7A67DB731C881991005AA3B7 /* MineViewController.m */; };
		7A67DB7A1C881C35005AA3B7 /* Main.storyboard in Resources */ = {isa = PBXBuildFile; fileRef = 7A67DB791C881C35005AA3B7 /* Main.storyboard */; };
		7A67DB7C1C881D05005AA3B7 /* Mine.storyboard in Resources */ = {isa = PBXBuildFile; fileRef = 7A67DB7B1C881D05005AA3B7 /* Mine.storyboard */; };
		7A67DB821C887B54005AA3B7 /* News.plist in Resources */ = {isa = PBXBuildFile; fileRef = 7A67DB811C887B54005AA3B7 /* News.plist */; };
		7A78DFDA1C911ED0002B834D /* WriteViewController.m in Sources */ = {isa = PBXBuildFile; fileRef = 7A78DFD91C911ED0002B834D /* WriteViewController.m */; };
		7A78DFE11C911FD7002B834D /* WriteTableViewCell.m in Sources */ = {isa = PBXBuildFile; fileRef = 7A78DFDF1C911FD7002B834D /* WriteTableViewCell.m */; };
		7A78DFE21C911FD7002B834D /* WriteTableViewCell.xib in Resources */ = {isa = PBXBuildFile; fileRef = 7A78DFE01C911FD7002B834D /* WriteTableViewCell.xib */; };
		7A78DFE51C915661002B834D /* Shoucang.m in Sources */ = {isa = PBXBuildFile; fileRef = 7A78DFE41C915661002B834D /* Shoucang.m */; };
		7A78DFE81C9156BA002B834D /* Model.m in Sources */ = {isa = PBXBuildFile; fileRef = 7A78DFE71C9156BA002B834D /* Model.m */; };
		7A78DFEB1C9196B5002B834D /* ShouCangViewController.m in Sources */ = {isa = PBXBuildFile; fileRef = 7A78DFEA1C9196B5002B834D /* ShouCangViewController.m */; };
		7A78DFEF1C9196DB002B834D /* ShouCangTableViewCell.m in Sources */ = {isa = PBXBuildFile; fileRef = 7A78DFED1C9196DB002B834D /* ShouCangTableViewCell.m */; };
		7A78DFF01C9196DB002B834D /* ShouCangTableViewCell.xib in Resources */ = {isa = PBXBuildFile; fileRef = 7A78DFEE1C9196DB002B834D /* ShouCangTableViewCell.xib */; };
		7AA96F631C8FC099003F97E7 /* 11.jpg in Resources */ = {isa = PBXBuildFile; fileRef = 7AA96F621C8FC099003F97E7 /* 11.jpg */; };
		7AA96F661C8FCA79003F97E7 /* ForgetViewController.m in Sources */ = {isa = PBXBuildFile; fileRef = 7AA96F651C8FCA79003F97E7 /* ForgetViewController.m */; };
		7AA96F6A1C9006F1003F97E7 /* TableViewCell.m in Sources */ = {isa = PBXBuildFile; fileRef = 7AA96F681C9006F1003F97E7 /* TableViewCell.m */; };
		7AA96F6B1C9006F1003F97E7 /* TableViewCell.xib in Resources */ = {isa = PBXBuildFile; fileRef = 7AA96F691C9006F1003F97E7 /* TableViewCell.xib */; };
		7AA96F6D1C9019A9003F97E7 /* 14.jpg in Resources */ = {isa = PBXBuildFile; fileRef = 7AA96F6C1C9019A9003F97E7 /* 14.jpg */; };
		7AA96F701C9061C1003F97E7 /* EmailViewController.m in Sources */ = {isa = PBXBuildFile; fileRef = 7AA96F6F1C9061C1003F97E7 /* EmailViewController.m */; };
/* End PBXBuildFile section */

/* Begin PBXContainerItemProxy section */
		7A67DB4A1C881149005AA3B7 /* PBXContainerItemProxy */ = {
			isa = PBXContainerItemProxy;
			containerPortal = 7A67DB2E1C881149005AA3B7 /* Project object */;
			proxyType = 1;
			remoteGlobalIDString = 7A67DB351C881149005AA3B7;
			remoteInfo = ScienceaAndTechnology;
		};
		7A67DB551C881149005AA3B7 /* PBXContainerItemProxy */ = {
			isa = PBXContainerItemProxy;
			containerPortal = 7A67DB2E1C881149005AA3B7 /* Project object */;
			proxyType = 1;
			remoteGlobalIDString = 7A67DB351C881149005AA3B7;
			remoteInfo = ScienceaAndTechnology;
		};
/* End PBXContainerItemProxy section */

/* Begin PBXFileReference section */
		30D6E35A54AEA4FC9512494E /* Pods.release.xcconfig */ = {isa = PBXFileReference; includeInIndex = 1; lastKnownFileType = text.xcconfig; name = Pods.release.xcconfig; path = "Pods/Target Support Files/Pods/Pods.release.xcconfig"; sourceTree = "<group>"; };
		7A11BCDD1C8E674C002432EE /* tupian@2x.png */ = {isa = PBXFileReference; lastKnownFileType = image.png; path = "tupian@2x.png"; sourceTree = "<group>"; };
		7A11BCDF1C8EA510002432EE /* LoginViewController.h */ = {isa = PBXFileReference; fileEncoding = 4; lastKnownFileType = sourcecode.c.h; path = LoginViewController.h; sourceTree = "<group>"; };
		7A11BCE01C8EA510002432EE /* LoginViewController.m */ = {isa = PBXFileReference; fileEncoding = 4; lastKnownFileType = sourcecode.c.objc; path = LoginViewController.m; sourceTree = "<group>"; };
		7A11BCE21C8EA52A002432EE /* RegisterViewController.h */ = {isa = PBXFileReference; fileEncoding = 4; lastKnownFileType = sourcecode.c.h; path = RegisterViewController.h; sourceTree = "<group>"; };
		7A11BCE31C8EA52A002432EE /* RegisterViewController.m */ = {isa = PBXFileReference; fileEncoding = 4; lastKnownFileType = sourcecode.c.objc; path = RegisterViewController.m; sourceTree = "<group>"; };
		7A11BCE51C8EA588002432EE /* Login.storyboard */ = {isa = PBXFileReference; fileEncoding = 4; lastKnownFileType = file.storyboard; path = Login.storyboard; sourceTree = "<group>"; };
		7A11BCE71C8EA5A6002432EE /* Register.storyboard */ = {isa = PBXFileReference; fileEncoding = 4; lastKnownFileType = file.storyboard; path = Register.storyboard; sourceTree = "<group>"; };
		7A11BCEE1C8EC85E002432EE /* CoreLocation.framework */ = {isa = PBXFileReference; lastKnownFileType = wrapper.framework; name = CoreLocation.framework; path = System/Library/Frameworks/CoreLocation.framework; sourceTree = SDKROOT; };
		7A11BCF01C8EC889002432EE /* MobileCoreServices.framework */ = {isa = PBXFileReference; lastKnownFileType = wrapper.framework; name = MobileCoreServices.framework; path = System/Library/Frameworks/MobileCoreServices.framework; sourceTree = SDKROOT; };
		7A11BCF21C8EC892002432EE /* CFNetwork.framework */ = {isa = PBXFileReference; lastKnownFileType = wrapper.framework; name = CFNetwork.framework; path = System/Library/Frameworks/CFNetwork.framework; sourceTree = SDKROOT; };
		7A11BCF41C8EC8C3002432EE /* libz.1.2.5.tbd */ = {isa = PBXFileReference; lastKnownFileType = "sourcecode.text-based-dylib-definition"; name = libz.1.2.5.tbd; path = usr/lib/libz.1.2.5.tbd; sourceTree = SDKROOT; };
		7A11BCF61C8EC8D1002432EE /* libicucore.tbd */ = {isa = PBXFileReference; lastKnownFileType = "sourcecode.text-based-dylib-definition"; name = libicucore.tbd; path = usr/lib/libicucore.tbd; sourceTree = SDKROOT; };
		7A11BCF81C8EC8DD002432EE /* libsqlite3.tbd */ = {isa = PBXFileReference; lastKnownFileType = "sourcecode.text-based-dylib-definition"; name = libsqlite3.tbd; path = usr/lib/libsqlite3.tbd; sourceTree = SDKROOT; };
		7A11BCFA1C8EC8E7002432EE /* AVFoundation.framework */ = {isa = PBXFileReference; lastKnownFileType = wrapper.framework; name = AVFoundation.framework; path = System/Library/Frameworks/AVFoundation.framework; sourceTree = SDKROOT; };
		7A11BCFC1C8EC8F2002432EE /* MediaPlayer.framework */ = {isa = PBXFileReference; lastKnownFileType = wrapper.framework; name = MediaPlayer.framework; path = System/Library/Frameworks/MediaPlayer.framework; sourceTree = SDKROOT; };
		7A11BD501C8EEC5A002432EE /* Bmob_iOS_SDK更新历史.txt */ = {isa = PBXFileReference; fileEncoding = 4; lastKnownFileType = text; path = "Bmob_iOS_SDK更新历史.txt"; sourceTree = "<group>"; };
		7A11BD511C8EEC5A002432EE /* BmobSDK.framework */ = {isa = PBXFileReference; lastKnownFileType = wrapper.framework; path = BmobSDK.framework; sourceTree = "<group>"; };
		7A11BD531C8EEC5A002432EE /* libWeiboSDK.a */ = {isa = PBXFileReference; lastKnownFileType = archive.ar; path = libWeiboSDK.a; sourceTree = "<group>"; };
		7A11BD541C8EEC5A002432EE /* WBHttpRequest+WeiboGame.h */ = {isa = PBXFileReference; fileEncoding = 4; lastKnownFileType = sourcecode.c.h; path = "WBHttpRequest+WeiboGame.h"; sourceTree = "<group>"; };
		7A11BD551C8EEC5A002432EE /* WBHttpRequest+WeiboShare.h */ = {isa = PBXFileReference; fileEncoding = 4; lastKnownFileType = sourcecode.c.h; path = "WBHttpRequest+WeiboShare.h"; sourceTree = "<group>"; };
		7A11BD561C8EEC5A002432EE /* WBHttpRequest+WeiboToken.h */ = {isa = PBXFileReference; fileEncoding = 4; lastKnownFileType = sourcecode.c.h; path = "WBHttpRequest+WeiboToken.h"; sourceTree = "<group>"; };
		7A11BD571C8EEC5A002432EE /* WBHttpRequest+WeiboUser.h */ = {isa = PBXFileReference; fileEncoding = 4; lastKnownFileType = sourcecode.c.h; path = "WBHttpRequest+WeiboUser.h"; sourceTree = "<group>"; };
		7A11BD581C8EEC5A002432EE /* WBHttpRequest.h */ = {isa = PBXFileReference; fileEncoding = 4; lastKnownFileType = sourcecode.c.h; path = WBHttpRequest.h; sourceTree = "<group>"; };
		7A11BD591C8EEC5A002432EE /* WBSDKBasicButton.h */ = {isa = PBXFileReference; fileEncoding = 4; lastKnownFileType = sourcecode.c.h; path = WBSDKBasicButton.h; sourceTree = "<group>"; };
		7A11BD5A1C8EEC5A002432EE /* WBSDKCommentButton.h */ = {isa = PBXFileReference; fileEncoding = 4; lastKnownFileType = sourcecode.c.h; path = WBSDKCommentButton.h; sourceTree = "<group>"; };
		7A11BD5B1C8EEC5A002432EE /* WBSDKRelationshipButton.h */ = {isa = PBXFileReference; fileEncoding = 4; lastKnownFileType = sourcecode.c.h; path = WBSDKRelationshipButton.h; sourceTree = "<group>"; };
		7A11BD5C1C8EEC5A002432EE /* WeiboSDK.bundle */ = {isa = PBXFileReference; lastKnownFileType = "wrapper.plug-in"; path = WeiboSDK.bundle; sourceTree = "<group>"; };
		7A11BD5D1C8EEC5A002432EE /* WeiboSDK.h */ = {isa = PBXFileReference; fileEncoding = 4; lastKnownFileType = sourcecode.c.h; path = WeiboSDK.h; sourceTree = "<group>"; };
		7A11BD5E1C8EEC5A002432EE /* WeiboUser.h */ = {isa = PBXFileReference; fileEncoding = 4; lastKnownFileType = sourcecode.c.h; path = WeiboUser.h; sourceTree = "<group>"; };
		7A11BD621C8EEC5A002432EE /* blueArrow.png */ = {isa = PBXFileReference; lastKnownFileType = image.png; path = blueArrow.png; sourceTree = "<group>"; };
		7A11BD631C8EEC5A002432EE /* blueArrowDown.png */ = {isa = PBXFileReference; lastKnownFileType = image.png; path = blueArrowDown.png; sourceTree = "<group>"; };
		7A11BD641C8EEC5A002432EE /* PullingRefreshTableView.h */ = {isa = PBXFileReference; fileEncoding = 4; lastKnownFileType = sourcecode.c.h; path = PullingRefreshTableView.h; sourceTree = "<group>"; };
		7A11BD651C8EEC5A002432EE /* PullingRefreshTableView.m */ = {isa = PBXFileReference; fileEncoding = 4; lastKnownFileType = sourcecode.c.objc; path = PullingRefreshTableView.m; sourceTree = "<group>"; };
		7A11BD671C8EEC5A002432EE /* libWeChatSDK.a */ = {isa = PBXFileReference; lastKnownFileType = archive.ar; path = libWeChatSDK.a; sourceTree = "<group>"; };
		7A11BD681C8EEC5A002432EE /* read_me.txt */ = {isa = PBXFileReference; fileEncoding = 4; lastKnownFileType = text; path = read_me.txt; sourceTree = "<group>"; };
		7A11BD691C8EEC5A002432EE /* WechatAuthSDK.h */ = {isa = PBXFileReference; fileEncoding = 4; lastKnownFileType = sourcecode.c.h; path = WechatAuthSDK.h; sourceTree = "<group>"; };
		7A11BD6A1C8EEC5A002432EE /* WXApi.h */ = {isa = PBXFileReference; fileEncoding = 4; lastKnownFileType = sourcecode.c.h; path = WXApi.h; sourceTree = "<group>"; };
		7A11BD6B1C8EEC5A002432EE /* WXApiObject.h */ = {isa = PBXFileReference; fileEncoding = 4; lastKnownFileType = sourcecode.c.h; path = WXApiObject.h; sourceTree = "<group>"; };
		7A11BD6D1C8EEC5A002432EE /* Hearder.h */ = {isa = PBXFileReference; fileEncoding = 4; lastKnownFileType = sourcecode.c.h; path = Hearder.h; sourceTree = "<group>"; };
		7A11BD6E1C8EEC5A002432EE /* HWTools.h */ = {isa = PBXFileReference; fileEncoding = 4; lastKnownFileType = sourcecode.c.h; path = HWTools.h; sourceTree = "<group>"; };
		7A11BD6F1C8EEC5A002432EE /* HWTools.m */ = {isa = PBXFileReference; fileEncoding = 4; lastKnownFileType = sourcecode.c.objc; path = HWTools.m; sourceTree = "<group>"; };
		7A11BD701C8EEC5A002432EE /* Main.pch */ = {isa = PBXFileReference; fileEncoding = 4; lastKnownFileType = sourcecode.c.h; path = Main.pch; sourceTree = "<group>"; };
		7A11BD711C8EEC5A002432EE /* shareView.h */ = {isa = PBXFileReference; fileEncoding = 4; lastKnownFileType = sourcecode.c.h; path = shareView.h; sourceTree = "<group>"; };
		7A11BD721C8EEC5A002432EE /* shareView.m */ = {isa = PBXFileReference; fileEncoding = 4; lastKnownFileType = sourcecode.c.objc; path = shareView.m; sourceTree = "<group>"; };
		7A11BD731C8EEC5A002432EE /* UIViewController+Common.h */ = {isa = PBXFileReference; fileEncoding = 4; lastKnownFileType = sourcecode.c.h; path = "UIViewController+Common.h"; sourceTree = "<group>"; };
		7A11BD741C8EEC5A002432EE /* UIViewController+Common.m */ = {isa = PBXFileReference; fileEncoding = 4; lastKnownFileType = sourcecode.c.objc; path = "UIViewController+Common.m"; sourceTree = "<group>"; };
		7A11BD761C8EEC5A002432EE /* VOContentLayer.h */ = {isa = PBXFileReference; fileEncoding = 4; lastKnownFileType = sourcecode.c.h; path = VOContentLayer.h; sourceTree = "<group>"; };
		7A11BD771C8EEC5A002432EE /* VOContentLayer.m */ = {isa = PBXFileReference; fileEncoding = 4; lastKnownFileType = sourcecode.c.objc; path = VOContentLayer.m; sourceTree = "<group>"; };
		7A11BD781C8EEC5A002432EE /* VOIndicatorAnimation.h */ = {isa = PBXFileReference; fileEncoding = 4; lastKnownFileType = sourcecode.c.h; path = VOIndicatorAnimation.h; sourceTree = "<group>"; };
		7A11BD791C8EEC5A002432EE /* VOIndicatorAnimation.m */ = {isa = PBXFileReference; fileEncoding = 4; lastKnownFileType = sourcecode.c.objc; path = VOIndicatorAnimation.m; sourceTree = "<group>"; };
		7A11BD7A1C8EEC5A002432EE /* VOSegment.h */ = {isa = PBXFileReference; fileEncoding = 4; lastKnownFileType = sourcecode.c.h; path = VOSegment.h; sourceTree = "<group>"; };
		7A11BD7B1C8EEC5A002432EE /* VOSegment.m */ = {isa = PBXFileReference; fileEncoding = 4; lastKnownFileType = sourcecode.c.objc; path = VOSegment.m; sourceTree = "<group>"; };
		7A11BD7C1C8EEC5A002432EE /* VOSegmentedControl.h */ = {isa = PBXFileReference; fileEncoding = 4; lastKnownFileType = sourcecode.c.h; path = VOSegmentedControl.h; sourceTree = "<group>"; };
		7A11BD7D1C8EEC5A002432EE /* VOSegmentedControl.m */ = {isa = PBXFileReference; fileEncoding = 4; lastKnownFileType = sourcecode.c.objc; path = VOSegmentedControl.m; sourceTree = "<group>"; };
		7A11BD8E1C8EECB5002432EE /* ProgressHUD.bundle */ = {isa = PBXFileReference; lastKnownFileType = "wrapper.plug-in"; path = ProgressHUD.bundle; sourceTree = "<group>"; };
		7A11BD8F1C8EECB5002432EE /* ProgressHUD.h */ = {isa = PBXFileReference; fileEncoding = 4; lastKnownFileType = sourcecode.c.h; path = ProgressHUD.h; sourceTree = "<group>"; };
		7A11BD901C8EECB5002432EE /* ProgressHUD.m */ = {isa = PBXFileReference; fileEncoding = 4; lastKnownFileType = sourcecode.c.objc; path = ProgressHUD.m; sourceTree = "<group>"; };
		7A11BD931C8EECD0002432EE /* LPLevelView.bundle */ = {isa = PBXFileReference; lastKnownFileType = "wrapper.plug-in"; path = LPLevelView.bundle; sourceTree = "<group>"; };
		7A11BD941C8EECD0002432EE /* LPLevelView.h */ = {isa = PBXFileReference; fileEncoding = 4; lastKnownFileType = sourcecode.c.h; path = LPLevelView.h; sourceTree = "<group>"; };
		7A11BD951C8EECD0002432EE /* LPLevelView.m */ = {isa = PBXFileReference; fileEncoding = 4; lastKnownFileType = sourcecode.c.objc; path = LPLevelView.m; sourceTree = "<group>"; };
		7A11BD9B1C8EEF7A002432EE /* ScoreView.h */ = {isa = PBXFileReference; fileEncoding = 4; lastKnownFileType = sourcecode.c.h; path = ScoreView.h; sourceTree = "<group>"; };
		7A11BD9C1C8EEF7A002432EE /* ScoreView.m */ = {isa = PBXFileReference; fileEncoding = 4; lastKnownFileType = sourcecode.c.objc; path = ScoreView.m; sourceTree = "<group>"; };
		7A11BD9E1C8EF7A7002432EE /* 01.jpg */ = {isa = PBXFileReference; lastKnownFileType = image.jpeg; path = 01.jpg; sourceTree = "<group>"; };
		7A11BDA01C8EFEAA002432EE /* 12.jpg */ = {isa = PBXFileReference; lastKnownFileType = image.jpeg; path = 12.jpg; sourceTree = "<group>"; };
		7A16F9FA1C8D04E30086C65B /* Assets.xcassets */ = {isa = PBXFileReference; lastKnownFileType = folder.assetcatalog; path = Assets.xcassets; sourceTree = "<group>"; };
		7A16F9FC1C8D052B0086C65B /* DiscoverViewController.h */ = {isa = PBXFileReference; fileEncoding = 4; lastKnownFileType = sourcecode.c.h; path = DiscoverViewController.h; sourceTree = "<group>"; };
		7A16F9FD1C8D052B0086C65B /* DiscoverViewController.m */ = {isa = PBXFileReference; fileEncoding = 4; lastKnownFileType = sourcecode.c.objc; path = DiscoverViewController.m; sourceTree = "<group>"; };
		7A16F9FF1C8D2A620086C65B /* 1.jpg */ = {isa = PBXFileReference; lastKnownFileType = image.jpeg; path = 1.jpg; sourceTree = "<group>"; };
		7A16FA011C8D4EA20086C65B /* DiscoverTableViewCell.h */ = {isa = PBXFileReference; fileEncoding = 4; lastKnownFileType = sourcecode.c.h; path = DiscoverTableViewCell.h; sourceTree = "<group>"; };
		7A16FA021C8D4EA20086C65B /* DiscoverTableViewCell.m */ = {isa = PBXFileReference; fileEncoding = 4; lastKnownFileType = sourcecode.c.objc; path = DiscoverTableViewCell.m; sourceTree = "<group>"; };
		7A16FA031C8D4EA20086C65B /* DiscoverTableViewCell.xib */ = {isa = PBXFileReference; fileEncoding = 4; lastKnownFileType = file.xib; path = DiscoverTableViewCell.xib; sourceTree = "<group>"; };
		7A16FA061C8D51E80086C65B /* 01.plist */ = {isa = PBXFileReference; fileEncoding = 4; lastKnownFileType = text.plist.xml; path = 01.plist; sourceTree = "<group>"; };
		7A16FA081C8D57790086C65B /* DiscoverModel.h */ = {isa = PBXFileReference; fileEncoding = 4; lastKnownFileType = sourcecode.c.h; path = DiscoverModel.h; sourceTree = "<group>"; };
		7A16FA091C8D57790086C65B /* DiscoverModel.m */ = {isa = PBXFileReference; fileEncoding = 4; lastKnownFileType = sourcecode.c.objc; path = DiscoverModel.m; sourceTree = "<group>"; };
		7A16FA131C8D7B450086C65B /* libc++.tbd */ = {isa = PBXFileReference; lastKnownFileType = "sourcecode.text-based-dylib-definition"; name = "libc++.tbd"; path = "usr/lib/libc++.tbd"; sourceTree = SDKROOT; };
		7A16FA151C8D9C150086C65B /* LineViewController.h */ = {isa = PBXFileReference; fileEncoding = 4; lastKnownFileType = sourcecode.c.h; path = LineViewController.h; sourceTree = "<group>"; };
		7A16FA161C8D9C150086C65B /* LineViewController.m */ = {isa = PBXFileReference; fileEncoding = 4; lastKnownFileType = sourcecode.c.objc; path = LineViewController.m; sourceTree = "<group>"; };
		7A1BD5AA1C890F8700AF98C6 /* newsModel.h */ = {isa = PBXFileReference; fileEncoding = 4; lastKnownFileType = sourcecode.c.h; path = newsModel.h; sourceTree = "<group>"; };
		7A1BD5AB1C890F8700AF98C6 /* newsModel.m */ = {isa = PBXFileReference; fileEncoding = 4; lastKnownFileType = sourcecode.c.objc; path = newsModel.m; sourceTree = "<group>"; };
		7A1BD5BD1C89333000AF98C6 /* NewsTableViewCell.h */ = {isa = PBXFileReference; fileEncoding = 4; lastKnownFileType = sourcecode.c.h; path = NewsTableViewCell.h; sourceTree = "<group>"; };
		7A1BD5BE1C89333000AF98C6 /* NewsTableViewCell.m */ = {isa = PBXFileReference; fileEncoding = 4; lastKnownFileType = sourcecode.c.objc; path = NewsTableViewCell.m; sourceTree = "<group>"; };
		7A1BD5BF1C89333000AF98C6 /* NewsTableViewCell.xib */ = {isa = PBXFileReference; fileEncoding = 4; lastKnownFileType = file.xib; path = NewsTableViewCell.xib; sourceTree = "<group>"; };
		7A1BD5C21C89390F00AF98C6 /* Homepage.plist */ = {isa = PBXFileReference; fileEncoding = 4; lastKnownFileType = text.plist.xml; path = Homepage.plist; sourceTree = "<group>"; };
		7A1BD5C41C89876C00AF98C6 /* Page1.plist */ = {isa = PBXFileReference; fileEncoding = 4; lastKnownFileType = text.plist.xml; path = Page1.plist; sourceTree = "<group>"; };
		7A1BD5D11C89CC7700AF98C6 /* ViewController.h */ = {isa = PBXFileReference; fileEncoding = 4; lastKnownFileType = sourcecode.c.h; path = ViewController.h; sourceTree = "<group>"; };
		7A1BD5D21C89CC7700AF98C6 /* ViewController.m */ = {isa = PBXFileReference; fileEncoding = 4; lastKnownFileType = sourcecode.c.objc; path = ViewController.m; sourceTree = "<group>"; };
		7A5E84F71C8A83AC00868BE1 /* Activity.plist */ = {isa = PBXFileReference; fileEncoding = 4; lastKnownFileType = text.plist.xml; path = Activity.plist; sourceTree = "<group>"; };
		7A5E850E1C8AC82800868BE1 /* QuartzCore.framework */ = {isa = PBXFileReference; lastKnownFileType = wrapper.framework; name = QuartzCore.framework; path = System/Library/Frameworks/QuartzCore.framework; sourceTree = SDKROOT; };
		7A5E85101C8AC83300868BE1 /* ImageIO.framework */ = {isa = PBXFileReference; lastKnownFileType = wrapper.framework; name = ImageIO.framework; path = System/Library/Frameworks/ImageIO.framework; sourceTree = SDKROOT; };
		7A5E85121C8AC84600868BE1 /* SystemConfiguration.framework */ = {isa = PBXFileReference; lastKnownFileType = wrapper.framework; name = SystemConfiguration.framework; path = System/Library/Frameworks/SystemConfiguration.framework; sourceTree = SDKROOT; };
		7A5E85141C8AC85500868BE1 /* Security.framework */ = {isa = PBXFileReference; lastKnownFileType = wrapper.framework; name = Security.framework; path = System/Library/Frameworks/Security.framework; sourceTree = SDKROOT; };
		7A5E85161C8AC86300868BE1 /* CoreTelephony.framework */ = {isa = PBXFileReference; lastKnownFileType = wrapper.framework; name = CoreTelephony.framework; path = System/Library/Frameworks/CoreTelephony.framework; sourceTree = SDKROOT; };
		7A5E85181C8AC86D00868BE1 /* CoreText.framework */ = {isa = PBXFileReference; lastKnownFileType = wrapper.framework; name = CoreText.framework; path = System/Library/Frameworks/CoreText.framework; sourceTree = SDKROOT; };
		7A5E851A1C8AC87A00868BE1 /* UIKit.framework */ = {isa = PBXFileReference; lastKnownFileType = wrapper.framework; name = UIKit.framework; path = System/Library/Frameworks/UIKit.framework; sourceTree = SDKROOT; };
		7A5E851C1C8AC88600868BE1 /* Foundation.framework */ = {isa = PBXFileReference; lastKnownFileType = wrapper.framework; name = Foundation.framework; path = System/Library/Frameworks/Foundation.framework; sourceTree = SDKROOT; };
		7A5E851E1C8AC89100868BE1 /* CoreGraphics.framework */ = {isa = PBXFileReference; lastKnownFileType = wrapper.framework; name = CoreGraphics.framework; path = System/Library/Frameworks/CoreGraphics.framework; sourceTree = SDKROOT; };
		7A5E85201C8AC8A100868BE1 /* libz.tbd */ = {isa = PBXFileReference; lastKnownFileType = "sourcecode.text-based-dylib-definition"; name = libz.tbd; path = usr/lib/libz.tbd; sourceTree = SDKROOT; };
		7A5E85221C8AC8AD00868BE1 /* libsqlite3.0.tbd */ = {isa = PBXFileReference; lastKnownFileType = "sourcecode.text-based-dylib-definition"; name = libsqlite3.0.tbd; path = usr/lib/libsqlite3.0.tbd; sourceTree = SDKROOT; };
		7A67DB361C881149005AA3B7 /* ScienceaAndTechnology.app */ = {isa = PBXFileReference; explicitFileType = wrapper.application; includeInIndex = 0; path = ScienceaAndTechnology.app; sourceTree = BUILT_PRODUCTS_DIR; };
		7A67DB3A1C881149005AA3B7 /* main.m */ = {isa = PBXFileReference; lastKnownFileType = sourcecode.c.objc; path = main.m; sourceTree = "<group>"; };
		7A67DB3C1C881149005AA3B7 /* AppDelegate.h */ = {isa = PBXFileReference; lastKnownFileType = sourcecode.c.h; path = AppDelegate.h; sourceTree = "<group>"; };
		7A67DB3D1C881149005AA3B7 /* AppDelegate.m */ = {isa = PBXFileReference; lastKnownFileType = sourcecode.c.objc; path = AppDelegate.m; sourceTree = "<group>"; };
		7A67DB421C881149005AA3B7 /* Base */ = {isa = PBXFileReference; lastKnownFileType = file.storyboard; name = Base; path = Base.lproj/LaunchScreen.storyboard; sourceTree = "<group>"; };
		7A67DB441C881149005AA3B7 /* Info.plist */ = {isa = PBXFileReference; lastKnownFileType = text.plist.xml; path = Info.plist; sourceTree = "<group>"; };
		7A67DB491C881149005AA3B7 /* ScienceaAndTechnologyTests.xctest */ = {isa = PBXFileReference; explicitFileType = wrapper.cfbundle; includeInIndex = 0; path = ScienceaAndTechnologyTests.xctest; sourceTree = BUILT_PRODUCTS_DIR; };
		7A67DB4D1C881149005AA3B7 /* ScienceaAndTechnologyTests.m */ = {isa = PBXFileReference; lastKnownFileType = sourcecode.c.objc; path = ScienceaAndTechnologyTests.m; sourceTree = "<group>"; };
		7A67DB4F1C881149005AA3B7 /* Info.plist */ = {isa = PBXFileReference; lastKnownFileType = text.plist.xml; path = Info.plist; sourceTree = "<group>"; };
		7A67DB541C881149005AA3B7 /* ScienceaAndTechnologyUITests.xctest */ = {isa = PBXFileReference; explicitFileType = wrapper.cfbundle; includeInIndex = 0; path = ScienceaAndTechnologyUITests.xctest; sourceTree = BUILT_PRODUCTS_DIR; };
		7A67DB581C881149005AA3B7 /* ScienceaAndTechnologyUITests.m */ = {isa = PBXFileReference; lastKnownFileType = sourcecode.c.objc; path = ScienceaAndTechnologyUITests.m; sourceTree = "<group>"; };
		7A67DB5A1C881149005AA3B7 /* Info.plist */ = {isa = PBXFileReference; lastKnownFileType = text.plist.xml; path = Info.plist; sourceTree = "<group>"; };
		7A67DB6F1C881970005AA3B7 /* MainViewController.h */ = {isa = PBXFileReference; fileEncoding = 4; lastKnownFileType = sourcecode.c.h; path = MainViewController.h; sourceTree = "<group>"; };
		7A67DB701C881970005AA3B7 /* MainViewController.m */ = {isa = PBXFileReference; fileEncoding = 4; lastKnownFileType = sourcecode.c.objc; path = MainViewController.m; sourceTree = "<group>"; };
		7A67DB721C881991005AA3B7 /* MineViewController.h */ = {isa = PBXFileReference; fileEncoding = 4; lastKnownFileType = sourcecode.c.h; path = MineViewController.h; sourceTree = "<group>"; };
		7A67DB731C881991005AA3B7 /* MineViewController.m */ = {isa = PBXFileReference; fileEncoding = 4; lastKnownFileType = sourcecode.c.objc; path = MineViewController.m; sourceTree = "<group>"; };
		7A67DB791C881C35005AA3B7 /* Main.storyboard */ = {isa = PBXFileReference; fileEncoding = 4; lastKnownFileType = file.storyboard; path = Main.storyboard; sourceTree = "<group>"; };
		7A67DB7B1C881D05005AA3B7 /* Mine.storyboard */ = {isa = PBXFileReference; fileEncoding = 4; lastKnownFileType = file.storyboard; path = Mine.storyboard; sourceTree = "<group>"; };
		7A67DB811C887B54005AA3B7 /* News.plist */ = {isa = PBXFileReference; fileEncoding = 4; lastKnownFileType = text.plist.xml; path = News.plist; sourceTree = "<group>"; };
		7A78DFD81C911ED0002B834D /* WriteViewController.h */ = {isa = PBXFileReference; fileEncoding = 4; lastKnownFileType = sourcecode.c.h; path = WriteViewController.h; sourceTree = "<group>"; };
		7A78DFD91C911ED0002B834D /* WriteViewController.m */ = {isa = PBXFileReference; fileEncoding = 4; lastKnownFileType = sourcecode.c.objc; path = WriteViewController.m; sourceTree = "<group>"; };
		7A78DFDE1C911FD7002B834D /* WriteTableViewCell.h */ = {isa = PBXFileReference; fileEncoding = 4; lastKnownFileType = sourcecode.c.h; path = WriteTableViewCell.h; sourceTree = "<group>"; };
		7A78DFDF1C911FD7002B834D /* WriteTableViewCell.m */ = {isa = PBXFileReference; fileEncoding = 4; lastKnownFileType = sourcecode.c.objc; path = WriteTableViewCell.m; sourceTree = "<group>"; };
		7A78DFE01C911FD7002B834D /* WriteTableViewCell.xib */ = {isa = PBXFileReference; fileEncoding = 4; lastKnownFileType = file.xib; path = WriteTableViewCell.xib; sourceTree = "<group>"; };
		7A78DFE31C915661002B834D /* Shoucang.h */ = {isa = PBXFileReference; fileEncoding = 4; lastKnownFileType = sourcecode.c.h; path = Shoucang.h; sourceTree = "<group>"; };
		7A78DFE41C915661002B834D /* Shoucang.m */ = {isa = PBXFileReference; fileEncoding = 4; lastKnownFileType = sourcecode.c.objc; path = Shoucang.m; sourceTree = "<group>"; };
		7A78DFE61C9156BA002B834D /* Model.h */ = {isa = PBXFileReference; fileEncoding = 4; lastKnownFileType = sourcecode.c.h; path = Model.h; sourceTree = "<group>"; };
		7A78DFE71C9156BA002B834D /* Model.m */ = {isa = PBXFileReference; fileEncoding = 4; lastKnownFileType = sourcecode.c.objc; path = Model.m; sourceTree = "<group>"; };
		7A78DFE91C9196B5002B834D /* ShouCangViewController.h */ = {isa = PBXFileReference; fileEncoding = 4; lastKnownFileType = sourcecode.c.h; path = ShouCangViewController.h; sourceTree = "<group>"; };
		7A78DFEA1C9196B5002B834D /* ShouCangViewController.m */ = {isa = PBXFileReference; fileEncoding = 4; lastKnownFileType = sourcecode.c.objc; path = ShouCangViewController.m; sourceTree = "<group>"; };
		7A78DFEC1C9196DB002B834D /* ShouCangTableViewCell.h */ = {isa = PBXFileReference; fileEncoding = 4; lastKnownFileType = sourcecode.c.h; path = ShouCangTableViewCell.h; sourceTree = "<group>"; };
		7A78DFED1C9196DB002B834D /* ShouCangTableViewCell.m */ = {isa = PBXFileReference; fileEncoding = 4; lastKnownFileType = sourcecode.c.objc; path = ShouCangTableViewCell.m; sourceTree = "<group>"; };
		7A78DFEE1C9196DB002B834D /* ShouCangTableViewCell.xib */ = {isa = PBXFileReference; fileEncoding = 4; lastKnownFileType = file.xib; path = ShouCangTableViewCell.xib; sourceTree = "<group>"; };
		7AA96F621C8FC099003F97E7 /* 11.jpg */ = {isa = PBXFileReference; lastKnownFileType = image.jpeg; path = 11.jpg; sourceTree = "<group>"; };
		7AA96F641C8FCA79003F97E7 /* ForgetViewController.h */ = {isa = PBXFileReference; fileEncoding = 4; lastKnownFileType = sourcecode.c.h; path = ForgetViewController.h; sourceTree = "<group>"; };
		7AA96F651C8FCA79003F97E7 /* ForgetViewController.m */ = {isa = PBXFileReference; fileEncoding = 4; lastKnownFileType = sourcecode.c.objc; path = ForgetViewController.m; sourceTree = "<group>"; };
		7AA96F671C9006F1003F97E7 /* TableViewCell.h */ = {isa = PBXFileReference; fileEncoding = 4; lastKnownFileType = sourcecode.c.h; path = TableViewCell.h; sourceTree = "<group>"; };
		7AA96F681C9006F1003F97E7 /* TableViewCell.m */ = {isa = PBXFileReference; fileEncoding = 4; lastKnownFileType = sourcecode.c.objc; path = TableViewCell.m; sourceTree = "<group>"; };
		7AA96F691C9006F1003F97E7 /* TableViewCell.xib */ = {isa = PBXFileReference; fileEncoding = 4; lastKnownFileType = file.xib; path = TableViewCell.xib; sourceTree = "<group>"; };
		7AA96F6C1C9019A9003F97E7 /* 14.jpg */ = {isa = PBXFileReference; lastKnownFileType = image.jpeg; path = 14.jpg; sourceTree = "<group>"; };
		7AA96F6E1C9061C1003F97E7 /* EmailViewController.h */ = {isa = PBXFileReference; fileEncoding = 4; lastKnownFileType = sourcecode.c.h; path = EmailViewController.h; sourceTree = "<group>"; };
		7AA96F6F1C9061C1003F97E7 /* EmailViewController.m */ = {isa = PBXFileReference; fileEncoding = 4; lastKnownFileType = sourcecode.c.objc; path = EmailViewController.m; sourceTree = "<group>"; };
		C01C688C0DC732A5C394A462 /* libPods.a */ = {isa = PBXFileReference; explicitFileType = archive.ar; includeInIndex = 0; path = libPods.a; sourceTree = BUILT_PRODUCTS_DIR; };
		FDF66B642C3B2B6204EC8140 /* Pods.debug.xcconfig */ = {isa = PBXFileReference; includeInIndex = 1; lastKnownFileType = text.xcconfig; name = Pods.debug.xcconfig; path = "Pods/Target Support Files/Pods/Pods.debug.xcconfig"; sourceTree = "<group>"; };
/* End PBXFileReference section */

/* Begin PBXFrameworksBuildPhase section */
		7A67DB331C881149005AA3B7 /* Frameworks */ = {
			isa = PBXFrameworksBuildPhase;
			buildActionMask = 2147483647;
			files = (
				7A5E85211C8AC8A100868BE1 /* libz.tbd in Frameworks */,
				7A5E85231C8AC8AD00868BE1 /* libsqlite3.0.tbd in Frameworks */,
				7A11BCFD1C8EC8F2002432EE /* MediaPlayer.framework in Frameworks */,
				7A11BCFB1C8EC8E7002432EE /* AVFoundation.framework in Frameworks */,
				7A11BD851C8EEC5A002432EE /* libWeChatSDK.a in Frameworks */,
				7A11BCF91C8EC8DD002432EE /* libsqlite3.tbd in Frameworks */,
				7A11BCF71C8EC8D1002432EE /* libicucore.tbd in Frameworks */,
				7A11BD801C8EEC5A002432EE /* libWeiboSDK.a in Frameworks */,
				7A11BCF51C8EC8C3002432EE /* libz.1.2.5.tbd in Frameworks */,
				7A5E85131C8AC84600868BE1 /* SystemConfiguration.framework in Frameworks */,
				7A5E85171C8AC86300868BE1 /* CoreTelephony.framework in Frameworks */,
				7A11BCF31C8EC892002432EE /* CFNetwork.framework in Frameworks */,
				7A11BCF11C8EC889002432EE /* MobileCoreServices.framework in Frameworks */,
				7A5E851F1C8AC89100868BE1 /* CoreGraphics.framework in Frameworks */,
				7A5E85151C8AC85500868BE1 /* Security.framework in Frameworks */,
				7A11BCEF1C8EC85E002432EE /* CoreLocation.framework in Frameworks */,
				7A16FA141C8D7B450086C65B /* libc++.tbd in Frameworks */,
				7A5E851D1C8AC88600868BE1 /* Foundation.framework in Frameworks */,
				7A5E851B1C8AC87A00868BE1 /* UIKit.framework in Frameworks */,
				7A5E85191C8AC86D00868BE1 /* CoreText.framework in Frameworks */,
				7A5E85111C8AC83300868BE1 /* ImageIO.framework in Frameworks */,
				7A5E850F1C8AC82800868BE1 /* QuartzCore.framework in Frameworks */,
				5557075F0A0E29FB0ABEAB3C /* libPods.a in Frameworks */,
				7A11BD7F1C8EEC5A002432EE /* BmobSDK.framework in Frameworks */,
			);
			runOnlyForDeploymentPostprocessing = 0;
		};
		7A67DB461C881149005AA3B7 /* Frameworks */ = {
			isa = PBXFrameworksBuildPhase;
			buildActionMask = 2147483647;
			files = (
			);
			runOnlyForDeploymentPostprocessing = 0;
		};
		7A67DB511C881149005AA3B7 /* Frameworks */ = {
			isa = PBXFrameworksBuildPhase;
			buildActionMask = 2147483647;
			files = (
			);
			runOnlyForDeploymentPostprocessing = 0;
		};
/* End PBXFrameworksBuildPhase section */

/* Begin PBXGroup section */
		469C4C4B72DE7A06FC2F7405 /* Frameworks */ = {
			isa = PBXGroup;
			children = (
				7A11BCFC1C8EC8F2002432EE /* MediaPlayer.framework */,
				7A11BCFA1C8EC8E7002432EE /* AVFoundation.framework */,
				7A11BCF81C8EC8DD002432EE /* libsqlite3.tbd */,
				7A11BCF61C8EC8D1002432EE /* libicucore.tbd */,
				7A11BCF41C8EC8C3002432EE /* libz.1.2.5.tbd */,
				7A11BCF21C8EC892002432EE /* CFNetwork.framework */,
				7A11BCF01C8EC889002432EE /* MobileCoreServices.framework */,
				7A11BCEE1C8EC85E002432EE /* CoreLocation.framework */,
				7A16FA131C8D7B450086C65B /* libc++.tbd */,
				7A5E85221C8AC8AD00868BE1 /* libsqlite3.0.tbd */,
				7A5E85201C8AC8A100868BE1 /* libz.tbd */,
				7A5E851E1C8AC89100868BE1 /* CoreGraphics.framework */,
				7A5E851C1C8AC88600868BE1 /* Foundation.framework */,
				7A5E851A1C8AC87A00868BE1 /* UIKit.framework */,
				7A5E85181C8AC86D00868BE1 /* CoreText.framework */,
				7A5E85161C8AC86300868BE1 /* CoreTelephony.framework */,
				7A5E85141C8AC85500868BE1 /* Security.framework */,
				7A5E85121C8AC84600868BE1 /* SystemConfiguration.framework */,
				7A5E85101C8AC83300868BE1 /* ImageIO.framework */,
				7A5E850E1C8AC82800868BE1 /* QuartzCore.framework */,
				C01C688C0DC732A5C394A462 /* libPods.a */,
			);
			name = Frameworks;
			sourceTree = "<group>";
		};
		7A11BD4E1C8EEC5A002432EE /* Library */ = {
			isa = PBXGroup;
			children = (
				7A11BD4F1C8EEC5A002432EE /* Bmob_SDK_iOS_v1.6.6 */,
				7A11BD521C8EEC5A002432EE /* libWeiboSDK */,
				7A11BD5F1C8EEC5A002432EE /* LPLevelView */,
				7A11BD601C8EEC5A002432EE /* ProgressHUD */,
				7A11BD611C8EEC5A002432EE /* PullingRefreshTableView */,
				7A11BD661C8EEC5A002432EE /* SDK1.6-2.2 */,
				7A11BD6C1C8EEC5A002432EE /* Tool */,
				7A11BD751C8EEC5A002432EE /* VOSegmentedControl */,
			);
			path = Library;
			sourceTree = "<group>";
		};
		7A11BD4F1C8EEC5A002432EE /* Bmob_SDK_iOS_v1.6.6 */ = {
			isa = PBXGroup;
			children = (
				7A11BD501C8EEC5A002432EE /* Bmob_iOS_SDK更新历史.txt */,
				7A11BD511C8EEC5A002432EE /* BmobSDK.framework */,
			);
			path = Bmob_SDK_iOS_v1.6.6;
			sourceTree = "<group>";
		};
		7A11BD521C8EEC5A002432EE /* libWeiboSDK */ = {
			isa = PBXGroup;
			children = (
				7A11BD531C8EEC5A002432EE /* libWeiboSDK.a */,
				7A11BD541C8EEC5A002432EE /* WBHttpRequest+WeiboGame.h */,
				7A11BD551C8EEC5A002432EE /* WBHttpRequest+WeiboShare.h */,
				7A11BD561C8EEC5A002432EE /* WBHttpRequest+WeiboToken.h */,
				7A11BD571C8EEC5A002432EE /* WBHttpRequest+WeiboUser.h */,
				7A11BD581C8EEC5A002432EE /* WBHttpRequest.h */,
				7A11BD591C8EEC5A002432EE /* WBSDKBasicButton.h */,
				7A11BD5A1C8EEC5A002432EE /* WBSDKCommentButton.h */,
				7A11BD5B1C8EEC5A002432EE /* WBSDKRelationshipButton.h */,
				7A11BD5C1C8EEC5A002432EE /* WeiboSDK.bundle */,
				7A11BD5D1C8EEC5A002432EE /* WeiboSDK.h */,
				7A11BD5E1C8EEC5A002432EE /* WeiboUser.h */,
			);
			path = libWeiboSDK;
			sourceTree = "<group>";
		};
		7A11BD5F1C8EEC5A002432EE /* LPLevelView */ = {
			isa = PBXGroup;
			children = (
				7A11BD931C8EECD0002432EE /* LPLevelView.bundle */,
				7A11BD941C8EECD0002432EE /* LPLevelView.h */,
				7A11BD951C8EECD0002432EE /* LPLevelView.m */,
			);
			path = LPLevelView;
			sourceTree = "<group>";
		};
		7A11BD601C8EEC5A002432EE /* ProgressHUD */ = {
			isa = PBXGroup;
			children = (
				7A11BD8E1C8EECB5002432EE /* ProgressHUD.bundle */,
				7A11BD8F1C8EECB5002432EE /* ProgressHUD.h */,
				7A11BD901C8EECB5002432EE /* ProgressHUD.m */,
			);
			path = ProgressHUD;
			sourceTree = "<group>";
		};
		7A11BD611C8EEC5A002432EE /* PullingRefreshTableView */ = {
			isa = PBXGroup;
			children = (
				7A11BD621C8EEC5A002432EE /* blueArrow.png */,
				7A11BD631C8EEC5A002432EE /* blueArrowDown.png */,
				7A11BD641C8EEC5A002432EE /* PullingRefreshTableView.h */,
				7A11BD651C8EEC5A002432EE /* PullingRefreshTableView.m */,
			);
			path = PullingRefreshTableView;
			sourceTree = "<group>";
		};
		7A11BD661C8EEC5A002432EE /* SDK1.6-2.2 */ = {
			isa = PBXGroup;
			children = (
				7A11BD671C8EEC5A002432EE /* libWeChatSDK.a */,
				7A11BD681C8EEC5A002432EE /* read_me.txt */,
				7A11BD691C8EEC5A002432EE /* WechatAuthSDK.h */,
				7A11BD6A1C8EEC5A002432EE /* WXApi.h */,
				7A11BD6B1C8EEC5A002432EE /* WXApiObject.h */,
			);
			path = "SDK1.6-2.2";
			sourceTree = "<group>";
		};
		7A11BD6C1C8EEC5A002432EE /* Tool */ = {
			isa = PBXGroup;
			children = (
				7A11BD6D1C8EEC5A002432EE /* Hearder.h */,
				7A11BD6E1C8EEC5A002432EE /* HWTools.h */,
				7A11BD6F1C8EEC5A002432EE /* HWTools.m */,
				7A11BD701C8EEC5A002432EE /* Main.pch */,
				7A11BD711C8EEC5A002432EE /* shareView.h */,
				7A11BD721C8EEC5A002432EE /* shareView.m */,
				7A11BD731C8EEC5A002432EE /* UIViewController+Common.h */,
				7A11BD741C8EEC5A002432EE /* UIViewController+Common.m */,
				7A78DFE31C915661002B834D /* Shoucang.h */,
				7A78DFE41C915661002B834D /* Shoucang.m */,
				7A78DFE61C9156BA002B834D /* Model.h */,
				7A78DFE71C9156BA002B834D /* Model.m */,
			);
			path = Tool;
			sourceTree = "<group>";
		};
		7A11BD751C8EEC5A002432EE /* VOSegmentedControl */ = {
			isa = PBXGroup;
			children = (
				7A11BD761C8EEC5A002432EE /* VOContentLayer.h */,
				7A11BD771C8EEC5A002432EE /* VOContentLayer.m */,
				7A11BD781C8EEC5A002432EE /* VOIndicatorAnimation.h */,
				7A11BD791C8EEC5A002432EE /* VOIndicatorAnimation.m */,
				7A11BD7A1C8EEC5A002432EE /* VOSegment.h */,
				7A11BD7B1C8EEC5A002432EE /* VOSegment.m */,
				7A11BD7C1C8EEC5A002432EE /* VOSegmentedControl.h */,
				7A11BD7D1C8EEC5A002432EE /* VOSegmentedControl.m */,
			);
			path = VOSegmentedControl;
			sourceTree = "<group>";
		};
		7A16F9F61C8D027D0086C65B /* Discover */ = {
			isa = PBXGroup;
			children = (
				7A16F9F71C8D027D0086C65B /* Controller */,
				7A16F9F81C8D027D0086C65B /* Model */,
				7A16F9F91C8D027D0086C65B /* View */,
			);
			path = Discover;
			sourceTree = "<group>";
		};
		7A16F9F71C8D027D0086C65B /* Controller */ = {
			isa = PBXGroup;
			children = (
				7A16F9FC1C8D052B0086C65B /* DiscoverViewController.h */,
				7A16F9FD1C8D052B0086C65B /* DiscoverViewController.m */,
				7A16FA151C8D9C150086C65B /* LineViewController.h */,
				7A16FA161C8D9C150086C65B /* LineViewController.m */,
			);
			path = Controller;
			sourceTree = "<group>";
		};
		7A16F9F81C8D027D0086C65B /* Model */ = {
			isa = PBXGroup;
			children = (
				7A16FA061C8D51E80086C65B /* 01.plist */,
				7A16FA081C8D57790086C65B /* DiscoverModel.h */,
				7A16FA091C8D57790086C65B /* DiscoverModel.m */,
			);
			path = Model;
			sourceTree = "<group>";
		};
		7A16F9F91C8D027D0086C65B /* View */ = {
			isa = PBXGroup;
			children = (
				7A16FA011C8D4EA20086C65B /* DiscoverTableViewCell.h */,
				7A16FA021C8D4EA20086C65B /* DiscoverTableViewCell.m */,
				7A16FA031C8D4EA20086C65B /* DiscoverTableViewCell.xib */,
				7AA96F671C9006F1003F97E7 /* TableViewCell.h */,
				7AA96F681C9006F1003F97E7 /* TableViewCell.m */,
				7AA96F691C9006F1003F97E7 /* TableViewCell.xib */,
			);
			path = View;
			sourceTree = "<group>";
		};
		7A67DB2D1C881149005AA3B7 = {
			isa = PBXGroup;
			children = (
				7A67DB381C881149005AA3B7 /* ScienceaAndTechnology */,
				7A67DB4C1C881149005AA3B7 /* ScienceaAndTechnologyTests */,
				7A67DB571C881149005AA3B7 /* ScienceaAndTechnologyUITests */,
				7A67DB371C881149005AA3B7 /* Products */,
				DB6938CE25F848D9FB179646 /* Pods */,
				469C4C4B72DE7A06FC2F7405 /* Frameworks */,
			);
			sourceTree = "<group>";
		};
		7A67DB371C881149005AA3B7 /* Products */ = {
			isa = PBXGroup;
			children = (
				7A67DB361C881149005AA3B7 /* ScienceaAndTechnology.app */,
				7A67DB491C881149005AA3B7 /* ScienceaAndTechnologyTests.xctest */,
				7A67DB541C881149005AA3B7 /* ScienceaAndTechnologyUITests.xctest */,
			);
			name = Products;
			sourceTree = "<group>";
		};
		7A67DB381C881149005AA3B7 /* ScienceaAndTechnology */ = {
			isa = PBXGroup;
			children = (
				7A11BD4E1C8EEC5A002432EE /* Library */,
				7A11BCDD1C8E674C002432EE /* tupian@2x.png */,
				7A16F9FF1C8D2A620086C65B /* 1.jpg */,
				7A11BD9E1C8EF7A7002432EE /* 01.jpg */,
				7AA96F621C8FC099003F97E7 /* 11.jpg */,
				7A11BDA01C8EFEAA002432EE /* 12.jpg */,
				7AA96F6C1C9019A9003F97E7 /* 14.jpg */,
				7A67DB661C881827005AA3B7 /* Classes */,
				7A67DB3C1C881149005AA3B7 /* AppDelegate.h */,
				7A67DB3D1C881149005AA3B7 /* AppDelegate.m */,
				7A16F9FA1C8D04E30086C65B /* Assets.xcassets */,
				7A67DB411C881149005AA3B7 /* LaunchScreen.storyboard */,
				7A67DB441C881149005AA3B7 /* Info.plist */,
				7A67DB391C881149005AA3B7 /* Supporting Files */,
			);
			path = ScienceaAndTechnology;
			sourceTree = "<group>";
		};
		7A67DB391C881149005AA3B7 /* Supporting Files */ = {
			isa = PBXGroup;
			children = (
				7A67DB3A1C881149005AA3B7 /* main.m */,
			);
			name = "Supporting Files";
			sourceTree = "<group>";
		};
		7A67DB4C1C881149005AA3B7 /* ScienceaAndTechnologyTests */ = {
			isa = PBXGroup;
			children = (
				7A67DB4D1C881149005AA3B7 /* ScienceaAndTechnologyTests.m */,
				7A67DB4F1C881149005AA3B7 /* Info.plist */,
			);
			path = ScienceaAndTechnologyTests;
			sourceTree = "<group>";
		};
		7A67DB571C881149005AA3B7 /* ScienceaAndTechnologyUITests */ = {
			isa = PBXGroup;
			children = (
				7A67DB581C881149005AA3B7 /* ScienceaAndTechnologyUITests.m */,
				7A67DB5A1C881149005AA3B7 /* Info.plist */,
			);
			path = ScienceaAndTechnologyUITests;
			sourceTree = "<group>";
		};
		7A67DB661C881827005AA3B7 /* Classes */ = {
			isa = PBXGroup;
			children = (
				7A16F9F61C8D027D0086C65B /* Discover */,
				7A67DB671C881827005AA3B7 /* Main */,
				7A67DB6B1C881827005AA3B7 /* Mine */,
			);
			path = Classes;
			sourceTree = "<group>";
		};
		7A67DB671C881827005AA3B7 /* Main */ = {
			isa = PBXGroup;
			children = (
				7A67DB681C881827005AA3B7 /* Controller */,
				7A67DB691C881827005AA3B7 /* Model */,
				7A67DB6A1C881827005AA3B7 /* Views */,
			);
			path = Main;
			sourceTree = "<group>";
		};
		7A67DB681C881827005AA3B7 /* Controller */ = {
			isa = PBXGroup;
			children = (
				7A67DB6F1C881970005AA3B7 /* MainViewController.h */,
				7A67DB701C881970005AA3B7 /* MainViewController.m */,
				7A1BD5D11C89CC7700AF98C6 /* ViewController.h */,
				7A1BD5D21C89CC7700AF98C6 /* ViewController.m */,
				7A78DFE91C9196B5002B834D /* ShouCangViewController.h */,
				7A78DFEA1C9196B5002B834D /* ShouCangViewController.m */,
			);
			path = Controller;
			sourceTree = "<group>";
		};
		7A67DB691C881827005AA3B7 /* Model */ = {
			isa = PBXGroup;
			children = (
				7A67DB811C887B54005AA3B7 /* News.plist */,
				7A1BD5C41C89876C00AF98C6 /* Page1.plist */,
				7A1BD5C21C89390F00AF98C6 /* Homepage.plist */,
				7A1BD5AA1C890F8700AF98C6 /* newsModel.h */,
				7A1BD5AB1C890F8700AF98C6 /* newsModel.m */,
				7A5E84F71C8A83AC00868BE1 /* Activity.plist */,
			);
			path = Model;
			sourceTree = "<group>";
		};
		7A67DB6A1C881827005AA3B7 /* Views */ = {
			isa = PBXGroup;
			children = (
				7A67DB791C881C35005AA3B7 /* Main.storyboard */,
				7A1BD5BD1C89333000AF98C6 /* NewsTableViewCell.h */,
				7A1BD5BE1C89333000AF98C6 /* NewsTableViewCell.m */,
				7A1BD5BF1C89333000AF98C6 /* NewsTableViewCell.xib */,
				7A78DFEC1C9196DB002B834D /* ShouCangTableViewCell.h */,
				7A78DFED1C9196DB002B834D /* ShouCangTableViewCell.m */,
				7A78DFEE1C9196DB002B834D /* ShouCangTableViewCell.xib */,
			);
			path = Views;
			sourceTree = "<group>";
		};
		7A67DB6B1C881827005AA3B7 /* Mine */ = {
			isa = PBXGroup;
			children = (
				7A67DB6C1C881827005AA3B7 /* Controller */,
				7A67DB6D1C881827005AA3B7 /* Model */,
				7A67DB6E1C881827005AA3B7 /* Views */,
			);
			path = Mine;
			sourceTree = "<group>";
		};
		7A67DB6C1C881827005AA3B7 /* Controller */ = {
			isa = PBXGroup;
			children = (
				7A67DB721C881991005AA3B7 /* MineViewController.h */,
				7A67DB731C881991005AA3B7 /* MineViewController.m */,
				7A11BCDF1C8EA510002432EE /* LoginViewController.h */,
				7A11BCE01C8EA510002432EE /* LoginViewController.m */,
				7A11BCE21C8EA52A002432EE /* RegisterViewController.h */,
				7A11BCE31C8EA52A002432EE /* RegisterViewController.m */,
				7AA96F641C8FCA79003F97E7 /* ForgetViewController.h */,
				7AA96F651C8FCA79003F97E7 /* ForgetViewController.m */,
				7AA96F6E1C9061C1003F97E7 /* EmailViewController.h */,
				7AA96F6F1C9061C1003F97E7 /* EmailViewController.m */,
				7A78DFD81C911ED0002B834D /* WriteViewController.h */,
				7A78DFD91C911ED0002B834D /* WriteViewController.m */,
			);
			path = Controller;
			sourceTree = "<group>";
		};
		7A67DB6D1C881827005AA3B7 /* Model */ = {
			isa = PBXGroup;
			children = (
			);
			path = Model;
			sourceTree = "<group>";
		};
		7A67DB6E1C881827005AA3B7 /* Views */ = {
			isa = PBXGroup;
			children = (
				7A67DB7B1C881D05005AA3B7 /* Mine.storyboard */,
				7A11BCE51C8EA588002432EE /* Login.storyboard */,
				7A11BCE71C8EA5A6002432EE /* Register.storyboard */,
				7A11BD9B1C8EEF7A002432EE /* ScoreView.h */,
				7A11BD9C1C8EEF7A002432EE /* ScoreView.m */,
				7A78DFDE1C911FD7002B834D /* WriteTableViewCell.h */,
				7A78DFDF1C911FD7002B834D /* WriteTableViewCell.m */,
				7A78DFE01C911FD7002B834D /* WriteTableViewCell.xib */,
			);
			path = Views;
			sourceTree = "<group>";
		};
		DB6938CE25F848D9FB179646 /* Pods */ = {
			isa = PBXGroup;
			children = (
				FDF66B642C3B2B6204EC8140 /* Pods.debug.xcconfig */,
				30D6E35A54AEA4FC9512494E /* Pods.release.xcconfig */,
			);
			name = Pods;
			sourceTree = "<group>";
		};
/* End PBXGroup section */

/* Begin PBXNativeTarget section */
		7A67DB351C881149005AA3B7 /* ScienceaAndTechnology */ = {
			isa = PBXNativeTarget;
			buildConfigurationList = 7A67DB5D1C881149005AA3B7 /* Build configuration list for PBXNativeTarget "ScienceaAndTechnology" */;
			buildPhases = (
				4B5742A604216E2D237DA786 /* Check Pods Manifest.lock */,
				7A67DB321C881149005AA3B7 /* Sources */,
				7A67DB331C881149005AA3B7 /* Frameworks */,
				7A67DB341C881149005AA3B7 /* Resources */,
				A69E5C4F2B2E3F299F2E1AAC /* Embed Pods Frameworks */,
				CF1C1CEA9C03495E5127C53E /* Copy Pods Resources */,
			);
			buildRules = (
			);
			dependencies = (
			);
			name = ScienceaAndTechnology;
			productName = ScienceaAndTechnology;
			productReference = 7A67DB361C881149005AA3B7 /* ScienceaAndTechnology.app */;
			productType = "com.apple.product-type.application";
		};
		7A67DB481C881149005AA3B7 /* ScienceaAndTechnologyTests */ = {
			isa = PBXNativeTarget;
			buildConfigurationList = 7A67DB601C881149005AA3B7 /* Build configuration list for PBXNativeTarget "ScienceaAndTechnologyTests" */;
			buildPhases = (
				7A67DB451C881149005AA3B7 /* Sources */,
				7A67DB461C881149005AA3B7 /* Frameworks */,
				7A67DB471C881149005AA3B7 /* Resources */,
			);
			buildRules = (
			);
			dependencies = (
				7A67DB4B1C881149005AA3B7 /* PBXTargetDependency */,
			);
			name = ScienceaAndTechnologyTests;
			productName = ScienceaAndTechnologyTests;
			productReference = 7A67DB491C881149005AA3B7 /* ScienceaAndTechnologyTests.xctest */;
			productType = "com.apple.product-type.bundle.unit-test";
		};
		7A67DB531C881149005AA3B7 /* ScienceaAndTechnologyUITests */ = {
			isa = PBXNativeTarget;
			buildConfigurationList = 7A67DB631C881149005AA3B7 /* Build configuration list for PBXNativeTarget "ScienceaAndTechnologyUITests" */;
			buildPhases = (
				7A67DB501C881149005AA3B7 /* Sources */,
				7A67DB511C881149005AA3B7 /* Frameworks */,
				7A67DB521C881149005AA3B7 /* Resources */,
			);
			buildRules = (
			);
			dependencies = (
				7A67DB561C881149005AA3B7 /* PBXTargetDependency */,
			);
			name = ScienceaAndTechnologyUITests;
			productName = ScienceaAndTechnologyUITests;
			productReference = 7A67DB541C881149005AA3B7 /* ScienceaAndTechnologyUITests.xctest */;
			productType = "com.apple.product-type.bundle.ui-testing";
		};
/* End PBXNativeTarget section */

/* Begin PBXProject section */
		7A67DB2E1C881149005AA3B7 /* Project object */ = {
			isa = PBXProject;
			attributes = {
				LastUpgradeCheck = 0720;
				ORGANIZATIONNAME = "韩苇棋";
				TargetAttributes = {
					7A67DB351C881149005AA3B7 = {
						CreatedOnToolsVersion = 7.2;
						DevelopmentTeam = N9LZQ5F3XD;
					};
					7A67DB481C881149005AA3B7 = {
						CreatedOnToolsVersion = 7.2;
						DevelopmentTeam = N9LZQ5F3XD;
						TestTargetID = 7A67DB351C881149005AA3B7;
					};
					7A67DB531C881149005AA3B7 = {
						CreatedOnToolsVersion = 7.2;
						DevelopmentTeam = N9LZQ5F3XD;
						TestTargetID = 7A67DB351C881149005AA3B7;
					};
				};
			};
			buildConfigurationList = 7A67DB311C881149005AA3B7 /* Build configuration list for PBXProject "ScienceaAndTechnology" */;
			compatibilityVersion = "Xcode 3.2";
			developmentRegion = English;
			hasScannedForEncodings = 0;
			knownRegions = (
				en,
				Base,
			);
			mainGroup = 7A67DB2D1C881149005AA3B7;
			productRefGroup = 7A67DB371C881149005AA3B7 /* Products */;
			projectDirPath = "";
			projectRoot = "";
			targets = (
				7A67DB351C881149005AA3B7 /* ScienceaAndTechnology */,
				7A67DB481C881149005AA3B7 /* ScienceaAndTechnologyTests */,
				7A67DB531C881149005AA3B7 /* ScienceaAndTechnologyUITests */,
			);
		};
/* End PBXProject section */

/* Begin PBXResourcesBuildPhase section */
		7A67DB341C881149005AA3B7 /* Resources */ = {
			isa = PBXResourcesBuildPhase;
			buildActionMask = 2147483647;
			files = (
				7A67DB7A1C881C35005AA3B7 /* Main.storyboard in Resources */,
				7A11BCE61C8EA588002432EE /* Login.storyboard in Resources */,
				7A11BD911C8EECB5002432EE /* ProgressHUD.bundle in Resources */,
				7A11BCDE1C8E674C002432EE /* tupian@2x.png in Resources */,
				7A78DFF01C9196DB002B834D /* ShouCangTableViewCell.xib in Resources */,
				7A11BD821C8EEC5A002432EE /* blueArrow.png in Resources */,
				7A78DFE21C911FD7002B834D /* WriteTableViewCell.xib in Resources */,
				7A16FA071C8D51E80086C65B /* 01.plist in Resources */,
				7A5E84F81C8A83AC00868BE1 /* Activity.plist in Resources */,
				7A67DB431C881149005AA3B7 /* LaunchScreen.storyboard in Resources */,
				7A11BDA11C8EFEAA002432EE /* 12.jpg in Resources */,
				7AA96F6D1C9019A9003F97E7 /* 14.jpg in Resources */,
				7A16FA051C8D4EA30086C65B /* DiscoverTableViewCell.xib in Resources */,
				7A11BD961C8EECD0002432EE /* LPLevelView.bundle in Resources */,
				7A16F9FB1C8D04E30086C65B /* Assets.xcassets in Resources */,
				7A1BD5C51C89876C00AF98C6 /* Page1.plist in Resources */,
				7A11BD7E1C8EEC5A002432EE /* Bmob_iOS_SDK更新历史.txt in Resources */,
				7A67DB821C887B54005AA3B7 /* News.plist in Resources */,
				7AA96F631C8FC099003F97E7 /* 11.jpg in Resources */,
				7A1BD5C11C89333000AF98C6 /* NewsTableViewCell.xib in Resources */,
				7AA96F6B1C9006F1003F97E7 /* TableViewCell.xib in Resources */,
				7A67DB7C1C881D05005AA3B7 /* Mine.storyboard in Resources */,
				7A11BD861C8EEC5A002432EE /* read_me.txt in Resources */,
				7A11BD9F1C8EF7A7002432EE /* 01.jpg in Resources */,
				7A11BD811C8EEC5A002432EE /* WeiboSDK.bundle in Resources */,
				7A1BD5C31C89390F00AF98C6 /* Homepage.plist in Resources */,
				7A11BD831C8EEC5A002432EE /* blueArrowDown.png in Resources */,
				7A16FA001C8D2A620086C65B /* 1.jpg in Resources */,
				7A11BCE81C8EA5A6002432EE /* Register.storyboard in Resources */,
			);
			runOnlyForDeploymentPostprocessing = 0;
		};
		7A67DB471C881149005AA3B7 /* Resources */ = {
			isa = PBXResourcesBuildPhase;
			buildActionMask = 2147483647;
			files = (
			);
			runOnlyForDeploymentPostprocessing = 0;
		};
		7A67DB521C881149005AA3B7 /* Resources */ = {
			isa = PBXResourcesBuildPhase;
			buildActionMask = 2147483647;
			files = (
			);
			runOnlyForDeploymentPostprocessing = 0;
		};
/* End PBXResourcesBuildPhase section */

/* Begin PBXShellScriptBuildPhase section */
		4B5742A604216E2D237DA786 /* Check Pods Manifest.lock */ = {
			isa = PBXShellScriptBuildPhase;
			buildActionMask = 2147483647;
			files = (
			);
			inputPaths = (
			);
			name = "Check Pods Manifest.lock";
			outputPaths = (
			);
			runOnlyForDeploymentPostprocessing = 0;
			shellPath = /bin/sh;
			shellScript = "diff \"${PODS_ROOT}/../Podfile.lock\" \"${PODS_ROOT}/Manifest.lock\" > /dev/null\nif [[ $? != 0 ]] ; then\n    cat << EOM\nerror: The sandbox is not in sync with the Podfile.lock. Run 'pod install' or update your CocoaPods installation.\nEOM\n    exit 1\nfi\n";
			showEnvVarsInLog = 0;
		};
		A69E5C4F2B2E3F299F2E1AAC /* Embed Pods Frameworks */ = {
			isa = PBXShellScriptBuildPhase;
			buildActionMask = 2147483647;
			files = (
			);
			inputPaths = (
			);
			name = "Embed Pods Frameworks";
			outputPaths = (
			);
			runOnlyForDeploymentPostprocessing = 0;
			shellPath = /bin/sh;
			shellScript = "\"${SRCROOT}/Pods/Target Support Files/Pods/Pods-frameworks.sh\"\n";
			showEnvVarsInLog = 0;
		};
		CF1C1CEA9C03495E5127C53E /* Copy Pods Resources */ = {
			isa = PBXShellScriptBuildPhase;
			buildActionMask = 2147483647;
			files = (
			);
			inputPaths = (
			);
			name = "Copy Pods Resources";
			outputPaths = (
			);
			runOnlyForDeploymentPostprocessing = 0;
			shellPath = /bin/sh;
			shellScript = "\"${SRCROOT}/Pods/Target Support Files/Pods/Pods-resources.sh\"\n";
			showEnvVarsInLog = 0;
		};
/* End PBXShellScriptBuildPhase section */

/* Begin PBXSourcesBuildPhase section */
		7A67DB321C881149005AA3B7 /* Sources */ = {
			isa = PBXSourcesBuildPhase;
			buildActionMask = 2147483647;
			files = (
				7A16FA041C8D4EA20086C65B /* DiscoverTableViewCell.m in Sources */,
				7AA96F661C8FCA79003F97E7 /* ForgetViewController.m in Sources */,
				7A67DB3E1C881149005AA3B7 /* AppDelegate.m in Sources */,
				7A78DFE51C915661002B834D /* Shoucang.m in Sources */,
				7A16F9FE1C8D052B0086C65B /* DiscoverViewController.m in Sources */,
				7A78DFE11C911FD7002B834D /* WriteTableViewCell.m in Sources */,
				7A11BD871C8EEC5A002432EE /* HWTools.m in Sources */,
				7A11BD881C8EEC5A002432EE /* shareView.m in Sources */,
				7A11BD841C8EEC5A002432EE /* PullingRefreshTableView.m in Sources */,
				7A11BD971C8EECD0002432EE /* LPLevelView.m in Sources */,
				7A78DFEB1C9196B5002B834D /* ShouCangViewController.m in Sources */,
				7A11BD921C8EECB5002432EE /* ProgressHUD.m in Sources */,
				7A16FA171C8D9C150086C65B /* LineViewController.m in Sources */,
				7A67DB711C881970005AA3B7 /* MainViewController.m in Sources */,
				7A1BD5D31C89CC7700AF98C6 /* ViewController.m in Sources */,
				7A11BCE41C8EA52A002432EE /* RegisterViewController.m in Sources */,
				7A11BD8C1C8EEC5A002432EE /* VOSegment.m in Sources */,
				7A78DFE81C9156BA002B834D /* Model.m in Sources */,
				7A11BD9D1C8EEF7A002432EE /* ScoreView.m in Sources */,
				7A78DFEF1C9196DB002B834D /* ShouCangTableViewCell.m in Sources */,
				7AA96F701C9061C1003F97E7 /* EmailViewController.m in Sources */,
				7A11BD8A1C8EEC5A002432EE /* VOContentLayer.m in Sources */,
				7A11BCE11C8EA510002432EE /* LoginViewController.m in Sources */,
				7A11BD891C8EEC5A002432EE /* UIViewController+Common.m in Sources */,
				7A16FA0A1C8D57790086C65B /* DiscoverModel.m in Sources */,
				7AA96F6A1C9006F1003F97E7 /* TableViewCell.m in Sources */,
				7A1BD5C01C89333000AF98C6 /* NewsTableViewCell.m in Sources */,
				7A11BD8B1C8EEC5A002432EE /* VOIndicatorAnimation.m in Sources */,
				7A67DB3B1C881149005AA3B7 /* main.m in Sources */,
				7A67DB741C881991005AA3B7 /* MineViewController.m in Sources */,
				7A1BD5AC1C890F8700AF98C6 /* newsModel.m in Sources */,
				7A78DFDA1C911ED0002B834D /* WriteViewController.m in Sources */,
				7A11BD8D1C8EEC5A002432EE /* VOSegmentedControl.m in Sources */,
			);
			runOnlyForDeploymentPostprocessing = 0;
		};
		7A67DB451C881149005AA3B7 /* Sources */ = {
			isa = PBXSourcesBuildPhase;
			buildActionMask = 2147483647;
			files = (
				7A67DB4E1C881149005AA3B7 /* ScienceaAndTechnologyTests.m in Sources */,
			);
			runOnlyForDeploymentPostprocessing = 0;
		};
		7A67DB501C881149005AA3B7 /* Sources */ = {
			isa = PBXSourcesBuildPhase;
			buildActionMask = 2147483647;
			files = (
				7A67DB591C881149005AA3B7 /* ScienceaAndTechnologyUITests.m in Sources */,
			);
			runOnlyForDeploymentPostprocessing = 0;
		};
/* End PBXSourcesBuildPhase section */

/* Begin PBXTargetDependency section */
		7A67DB4B1C881149005AA3B7 /* PBXTargetDependency */ = {
			isa = PBXTargetDependency;
			target = 7A67DB351C881149005AA3B7 /* ScienceaAndTechnology */;
			targetProxy = 7A67DB4A1C881149005AA3B7 /* PBXContainerItemProxy */;
		};
		7A67DB561C881149005AA3B7 /* PBXTargetDependency */ = {
			isa = PBXTargetDependency;
			target = 7A67DB351C881149005AA3B7 /* ScienceaAndTechnology */;
			targetProxy = 7A67DB551C881149005AA3B7 /* PBXContainerItemProxy */;
		};
/* End PBXTargetDependency section */

/* Begin PBXVariantGroup section */
		7A67DB411C881149005AA3B7 /* LaunchScreen.storyboard */ = {
			isa = PBXVariantGroup;
			children = (
				7A67DB421C881149005AA3B7 /* Base */,
			);
			name = LaunchScreen.storyboard;
			sourceTree = "<group>";
		};
/* End PBXVariantGroup section */

/* Begin XCBuildConfiguration section */
		7A67DB5B1C881149005AA3B7 /* Debug */ = {
			isa = XCBuildConfiguration;
			buildSettings = {
				ALWAYS_SEARCH_USER_PATHS = NO;
				CLANG_CXX_LANGUAGE_STANDARD = "gnu++0x";
				CLANG_CXX_LIBRARY = "libc++";
				CLANG_ENABLE_MODULES = YES;
				CLANG_ENABLE_OBJC_ARC = YES;
				CLANG_WARN_BOOL_CONVERSION = YES;
				CLANG_WARN_CONSTANT_CONVERSION = YES;
				CLANG_WARN_DIRECT_OBJC_ISA_USAGE = YES_ERROR;
				CLANG_WARN_EMPTY_BODY = YES;
				CLANG_WARN_ENUM_CONVERSION = YES;
				CLANG_WARN_INT_CONVERSION = YES;
				CLANG_WARN_OBJC_ROOT_CLASS = YES_ERROR;
				CLANG_WARN_UNREACHABLE_CODE = YES;
				CLANG_WARN__DUPLICATE_METHOD_MATCH = YES;
				"CODE_SIGN_IDENTITY[sdk=iphoneos*]" = "iPhone Developer";
				COPY_PHASE_STRIP = NO;
				DEBUG_INFORMATION_FORMAT = dwarf;
				ENABLE_STRICT_OBJC_MSGSEND = YES;
				ENABLE_TESTABILITY = YES;
				GCC_C_LANGUAGE_STANDARD = gnu99;
				GCC_DYNAMIC_NO_PIC = NO;
				GCC_NO_COMMON_BLOCKS = YES;
				GCC_OPTIMIZATION_LEVEL = 0;
				GCC_PREPROCESSOR_DEFINITIONS = (
					"DEBUG=1",
					"$(inherited)",
				);
				GCC_WARN_64_TO_32_BIT_CONVERSION = YES;
				GCC_WARN_ABOUT_RETURN_TYPE = YES_ERROR;
				GCC_WARN_UNDECLARED_SELECTOR = YES;
				GCC_WARN_UNINITIALIZED_AUTOS = YES_AGGRESSIVE;
				GCC_WARN_UNUSED_FUNCTION = YES;
				GCC_WARN_UNUSED_VARIABLE = YES;
				IPHONEOS_DEPLOYMENT_TARGET = 9.2;
				MTL_ENABLE_DEBUG_INFO = YES;
				ONLY_ACTIVE_ARCH = YES;
				SDKROOT = iphoneos;
			};
			name = Debug;
		};
		7A67DB5C1C881149005AA3B7 /* Release */ = {
			isa = XCBuildConfiguration;
			buildSettings = {
				ALWAYS_SEARCH_USER_PATHS = NO;
				CLANG_CXX_LANGUAGE_STANDARD = "gnu++0x";
				CLANG_CXX_LIBRARY = "libc++";
				CLANG_ENABLE_MODULES = YES;
				CLANG_ENABLE_OBJC_ARC = YES;
				CLANG_WARN_BOOL_CONVERSION = YES;
				CLANG_WARN_CONSTANT_CONVERSION = YES;
				CLANG_WARN_DIRECT_OBJC_ISA_USAGE = YES_ERROR;
				CLANG_WARN_EMPTY_BODY = YES;
				CLANG_WARN_ENUM_CONVERSION = YES;
				CLANG_WARN_INT_CONVERSION = YES;
				CLANG_WARN_OBJC_ROOT_CLASS = YES_ERROR;
				CLANG_WARN_UNREACHABLE_CODE = YES;
				CLANG_WARN__DUPLICATE_METHOD_MATCH = YES;
				"CODE_SIGN_IDENTITY[sdk=iphoneos*]" = "iPhone Developer";
				COPY_PHASE_STRIP = NO;
				DEBUG_INFORMATION_FORMAT = "dwarf-with-dsym";
				ENABLE_NS_ASSERTIONS = NO;
				ENABLE_STRICT_OBJC_MSGSEND = YES;
				GCC_C_LANGUAGE_STANDARD = gnu99;
				GCC_NO_COMMON_BLOCKS = YES;
				GCC_WARN_64_TO_32_BIT_CONVERSION = YES;
				GCC_WARN_ABOUT_RETURN_TYPE = YES_ERROR;
				GCC_WARN_UNDECLARED_SELECTOR = YES;
				GCC_WARN_UNINITIALIZED_AUTOS = YES_AGGRESSIVE;
				GCC_WARN_UNUSED_FUNCTION = YES;
				GCC_WARN_UNUSED_VARIABLE = YES;
				IPHONEOS_DEPLOYMENT_TARGET = 9.2;
				MTL_ENABLE_DEBUG_INFO = NO;
				SDKROOT = iphoneos;
				VALIDATE_PRODUCT = YES;
			};
			name = Release;
		};
		7A67DB5E1C881149005AA3B7 /* Debug */ = {
			isa = XCBuildConfiguration;
			baseConfigurationReference = FDF66B642C3B2B6204EC8140 /* Pods.debug.xcconfig */;
			buildSettings = {
				ASSETCATALOG_COMPILER_APPICON_NAME = AppIcon;
				FRAMEWORK_SEARCH_PATHS = (
					"$(inherited)",
					"$(PROJECT_DIR)/ScienceaAndTechnology/Library/Bmob_SDK_iOS_v1.6.6",
				);
				GCC_PREFIX_HEADER = "/Users/scjy/Desktop/Science-News/ScienceaAndTechnology/ScienceaAndTechnology/Library/Tool/Main.pch";
				INFOPLIST_FILE = ScienceaAndTechnology/Info.plist;
				IPHONEOS_DEPLOYMENT_TARGET = 9.2;
				LD_RUNPATH_SEARCH_PATHS = "$(inherited) @executable_path/Frameworks";
				LIBRARY_SEARCH_PATHS = (
					"$(inherited)",
					"$(PROJECT_DIR)/ScienceaAndTechnology/Library/libWeiboSDK",
					"$(PROJECT_DIR)/ScienceaAndTechnology/Library/SDK1.6-2.2",
				);
				PRODUCT_BUNDLE_IDENTIFIER = com.MangoInc.hanweiqi;
				PRODUCT_NAME = "$(TARGET_NAME)";
			};
			name = Debug;
		};
		7A67DB5F1C881149005AA3B7 /* Release */ = {
			isa = XCBuildConfiguration;
			baseConfigurationReference = 30D6E35A54AEA4FC9512494E /* Pods.release.xcconfig */;
			buildSettings = {
				ASSETCATALOG_COMPILER_APPICON_NAME = AppIcon;
				FRAMEWORK_SEARCH_PATHS = (
					"$(inherited)",
					"$(PROJECT_DIR)/ScienceaAndTechnology/Library/Bmob_SDK_iOS_v1.6.6",
				);
				GCC_PREFIX_HEADER = "/Users/scjy/Desktop/Science-News/ScienceaAndTechnology/ScienceaAndTechnology/Library/Tool/Main.pch";
				INFOPLIST_FILE = ScienceaAndTechnology/Info.plist;
				IPHONEOS_DEPLOYMENT_TARGET = 9.2;
				LD_RUNPATH_SEARCH_PATHS = "$(inherited) @executable_path/Frameworks";
				LIBRARY_SEARCH_PATHS = (
					"$(inherited)",
					"$(PROJECT_DIR)/ScienceaAndTechnology/Library/libWeiboSDK",
					"$(PROJECT_DIR)/ScienceaAndTechnology/Library/SDK1.6-2.2",
				);
				PRODUCT_BUNDLE_IDENTIFIER = com.MangoInc.hanweiqi;
				PRODUCT_NAME = "$(TARGET_NAME)";
			};
			name = Release;
		};
		7A67DB611C881149005AA3B7 /* Debug */ = {
			isa = XCBuildConfiguration;
			buildSettings = {
				BUNDLE_LOADER = "$(TEST_HOST)";
				INFOPLIST_FILE = ScienceaAndTechnologyTests/Info.plist;
				LD_RUNPATH_SEARCH_PATHS = "$(inherited) @executable_path/Frameworks @loader_path/Frameworks";
				PRODUCT_BUNDLE_IDENTIFIER = com.MangoInc.ScienceaAndTechnologyTests;
				PRODUCT_NAME = "$(TARGET_NAME)";
				TEST_HOST = "$(BUILT_PRODUCTS_DIR)/ScienceaAndTechnology.app/ScienceaAndTechnology";
			};
			name = Debug;
		};
		7A67DB621C881149005AA3B7 /* Release */ = {
			isa = XCBuildConfiguration;
			buildSettings = {
				BUNDLE_LOADER = "$(TEST_HOST)";
				INFOPLIST_FILE = ScienceaAndTechnologyTests/Info.plist;
				LD_RUNPATH_SEARCH_PATHS = "$(inherited) @executable_path/Frameworks @loader_path/Frameworks";
				PRODUCT_BUNDLE_IDENTIFIER = com.MangoInc.ScienceaAndTechnologyTests;
				PRODUCT_NAME = "$(TARGET_NAME)";
				TEST_HOST = "$(BUILT_PRODUCTS_DIR)/ScienceaAndTechnology.app/ScienceaAndTechnology";
			};
			name = Release;
		};
		7A67DB641C881149005AA3B7 /* Debug */ = {
			isa = XCBuildConfiguration;
			buildSettings = {
				INFOPLIST_FILE = ScienceaAndTechnologyUITests/Info.plist;
				LD_RUNPATH_SEARCH_PATHS = "$(inherited) @executable_path/Frameworks @loader_path/Frameworks";
				PRODUCT_BUNDLE_IDENTIFIER = com.MangoInc.ScienceaAndTechnologyUITests;
				PRODUCT_NAME = "$(TARGET_NAME)";
				TEST_TARGET_NAME = ScienceaAndTechnology;
				USES_XCTRUNNER = YES;
			};
			name = Debug;
		};
		7A67DB651C881149005AA3B7 /* Release */ = {
			isa = XCBuildConfiguration;
			buildSettings = {
				INFOPLIST_FILE = ScienceaAndTechnologyUITests/Info.plist;
				LD_RUNPATH_SEARCH_PATHS = "$(inherited) @executable_path/Frameworks @loader_path/Frameworks";
				PRODUCT_BUNDLE_IDENTIFIER = com.MangoInc.ScienceaAndTechnologyUITests;
				PRODUCT_NAME = "$(TARGET_NAME)";
				TEST_TARGET_NAME = ScienceaAndTechnology;
				USES_XCTRUNNER = YES;
			};
			name = Release;
		};
/* End XCBuildConfiguration section */

/* Begin XCConfigurationList section */
		7A67DB311C881149005AA3B7 /* Build configuration list for PBXProject "ScienceaAndTechnology" */ = {
			isa = XCConfigurationList;
			buildConfigurations = (
				7A67DB5B1C881149005AA3B7 /* Debug */,
				7A67DB5C1C881149005AA3B7 /* Release */,
			);
			defaultConfigurationIsVisible = 0;
			defaultConfigurationName = Release;
		};
		7A67DB5D1C881149005AA3B7 /* Build configuration list for PBXNativeTarget "ScienceaAndTechnology" */ = {
			isa = XCConfigurationList;
			buildConfigurations = (
				7A67DB5E1C881149005AA3B7 /* Debug */,
				7A67DB5F1C881149005AA3B7 /* Release */,
			);
			defaultConfigurationIsVisible = 0;
			defaultConfigurationName = Release;
		};
		7A67DB601C881149005AA3B7 /* Build configuration list for PBXNativeTarget "ScienceaAndTechnologyTests" */ = {
			isa = XCConfigurationList;
			buildConfigurations = (
				7A67DB611C881149005AA3B7 /* Debug */,
				7A67DB621C881149005AA3B7 /* Release */,
			);
			defaultConfigurationIsVisible = 0;
			defaultConfigurationName = Release;
		};
		7A67DB631C881149005AA3B7 /* Build configuration list for PBXNativeTarget "ScienceaAndTechnologyUITests" */ = {
			isa = XCConfigurationList;
			buildConfigurations = (
				7A67DB641C881149005AA3B7 /* Debug */,
				7A67DB651C881149005AA3B7 /* Release */,
			);
			defaultConfigurationIsVisible = 0;
			defaultConfigurationName = Release;
		};
/* End XCConfigurationList section */
	};
	rootObject = 7A67DB2E1C881149005AA3B7 /* Project object */;
}
